PODS:
  - Alamofire (5.6.4)
  - netfox (1.21.0)

DEPENDENCIES:
  - Alamofire (~> 5.6.1)
  - netfox

SPEC REPOS:
  trunk:
    - Alamofire
    - netfox

SPEC CHECKSUMS:
  Alamofire: 4e95d97098eacb88856099c4fc79b526a299e48c
  netfox: 9d5cc727fe7576c4c7688a2504618a156b7d44b7

PODFILE CHECKSUM: ebdb88173271182b365c1bd3e8d8bed67209295e

COCOAPODS: 1.15.2
