// !$*UTF8*$!
{
	archiveVersion = 1;
	classes = {
	};
	objectVersion = 56;
	objects = {

/* Begin PBXBuildFile section */
		47F3CFE92DB36586E2C1F1FE /* Pods_EagleAssignment.framework in Frameworks */ = {isa = PBXBuildFile; fileRef = CF52BA0BCFCE6B90407B6A85 /* Pods_EagleAssignment.framework */; };
		4A8B83AF2C01F28200F417F9 /* Paths.swift in Sources */ = {isa = PBXBuildFile; fileRef = 4A8B83AE2C01F28200F417F9 /* Paths.swift */; };
		4A8B83B12C01F80900F417F9 /* Parser.swift in Sources */ = {isa = PBXBuildFile; fileRef = 4A8B83B02C01F80900F417F9 /* Parser.swift */; };
		4A8B83B32C01F83700F417F9 /* APIResponse.swift in Sources */ = {isa = PBXBuildFile; fileRef = 4A8B83B22C01F83700F417F9 /* APIResponse.swift */; };
		4A8B83B72C01F8E300F417F9 /* AccessToken.swift in Sources */ = {isa = PBXBuildFile; fileRef = 4A8B83B62C01F8E300F417F9 /* AccessToken.swift */; };
		4A8B83B92C01FC1D00F417F9 /* NetworkRequest.swift in Sources */ = {isa = PBXBuildFile; fileRef = 4A8B83B82C01FC1D00F417F9 /* NetworkRequest.swift */; };
		4A8B83BB2C01FD7F00F417F9 /* NetworkManager.swift in Sources */ = {isa = PBXBuildFile; fileRef = 4A8B83BA2C01FD7F00F417F9 /* NetworkManager.swift */; };
		4A8B83BE2C01FE7400F417F9 /* UserService.swift in Sources */ = {isa = PBXBuildFile; fileRef = 4A8B83BD2C01FE7400F417F9 /* UserService.swift */; };
		4A8B83C22C023C9A00F417F9 /* AuthenticationService.swift in Sources */ = {isa = PBXBuildFile; fileRef = 4A8B83C12C023C9A00F417F9 /* AuthenticationService.swift */; };
		4A8B83C42C023EDC00F417F9 /* Days.swift in Sources */ = {isa = PBXBuildFile; fileRef = 4A8B83C32C023EDC00F417F9 /* Days.swift */; };
		4A8B83C72C02692600F417F9 /* ValidatorFactory.swift in Sources */ = {isa = PBXBuildFile; fileRef = 4A8B83C62C02692600F417F9 /* ValidatorFactory.swift */; };
		4A8B83CA2C026A7000F417F9 /* ValidatorTests.swift in Sources */ = {isa = PBXBuildFile; fileRef = 4A8B83C92C026A7000F417F9 /* ValidatorTests.swift */; };
		4A8B83CB2C026A8800F417F9 /* AuthenticationService.swift in Sources */ = {isa = PBXBuildFile; fileRef = 4A8B83C12C023C9A00F417F9 /* AuthenticationService.swift */; };
		4A8B83CC2C026A9800F417F9 /* AccessToken.swift in Sources */ = {isa = PBXBuildFile; fileRef = 4A8B83B62C01F8E300F417F9 /* AccessToken.swift */; };
		4A8B83CD2C026AA900F417F9 /* Paths.swift in Sources */ = {isa = PBXBuildFile; fileRef = 4A8B83AE2C01F28200F417F9 /* Paths.swift */; };
		4A8B83CE2C026ABB00F417F9 /* NetworkRequest.swift in Sources */ = {isa = PBXBuildFile; fileRef = 4A8B83B82C01FC1D00F417F9 /* NetworkRequest.swift */; };
		4A8B83CF2C026ABE00F417F9 /* NetworkManager.swift in Sources */ = {isa = PBXBuildFile; fileRef = 4A8B83BA2C01FD7F00F417F9 /* NetworkManager.swift */; };
		4A8B83D02C026B1000F417F9 /* Parser.swift in Sources */ = {isa = PBXBuildFile; fileRef = 4A8B83B02C01F80900F417F9 /* Parser.swift */; };
		4A8B83D12C026B2700F417F9 /* Days.swift in Sources */ = {isa = PBXBuildFile; fileRef = 4A8B83C32C023EDC00F417F9 /* Days.swift */; };
		4A8B83D22C026B2C00F417F9 /* APIResponse.swift in Sources */ = {isa = PBXBuildFile; fileRef = 4A8B83B22C01F83700F417F9 /* APIResponse.swift */; };
		4A8B83D42C026C8300F417F9 /* ValidatorFactory.swift in Sources */ = {isa = PBXBuildFile; fileRef = 4A8B83C62C02692600F417F9 /* ValidatorFactory.swift */; };
		4A8B83D92C0275C400F417F9 /* UsedDaysViewController.swift in Sources */ = {isa = PBXBuildFile; fileRef = 4A8B83D72C0275C400F417F9 /* UsedDaysViewController.swift */; };
		4A8B83DA2C0275C400F417F9 /* UsedDaysViewController.xib in Resources */ = {isa = PBXBuildFile; fileRef = 4A8B83D82C0275C400F417F9 /* UsedDaysViewController.xib */; };
		4A8B83DD2C027F9E00F417F9 /* OrganizationViewController.swift in Sources */ = {isa = PBXBuildFile; fileRef = 4A8B83DB2C027F9E00F417F9 /* OrganizationViewController.swift */; };
		4A8B83DE2C027F9E00F417F9 /* OrganizationViewController.xib in Resources */ = {isa = PBXBuildFile; fileRef = 4A8B83DC2C027F9E00F417F9 /* OrganizationViewController.xib */; };
		4A8B83E02C02838300F417F9 /* TabViewController.swift in Sources */ = {isa = PBXBuildFile; fileRef = 4A8B83DF2C02838300F417F9 /* TabViewController.swift */; };
		4A8B83E22C0285D200F417F9 /* Strings.swift in Sources */ = {isa = PBXBuildFile; fileRef = 4A8B83E12C0285D200F417F9 /* Strings.swift */; };
		4A8B83E42C02864C00F417F9 /* Images.swift in Sources */ = {isa = PBXBuildFile; fileRef = 4A8B83E32C02864C00F417F9 /* Images.swift */; };
		4A8B83E72C02878100F417F9 /* ImageTests.swift in Sources */ = {isa = PBXBuildFile; fileRef = 4A8B83E62C02878100F417F9 /* ImageTests.swift */; };
		4A8B83E82C02878500F417F9 /* Images.swift in Sources */ = {isa = PBXBuildFile; fileRef = 4A8B83E32C02864C00F417F9 /* Images.swift */; };
		4A8B83EC2C02884000F417F9 /* MyInfoViewController.swift in Sources */ = {isa = PBXBuildFile; fileRef = 4A8B83EA2C02884000F417F9 /* MyInfoViewController.swift */; };
		4A8B83ED2C02884000F417F9 /* MyInfoViewController.xib in Resources */ = {isa = PBXBuildFile; fileRef = 4A8B83EB2C02884000F417F9 /* MyInfoViewController.xib */; };
		4A8B83F72C029DB500F417F9 /* EmployeeCardView.swift in Sources */ = {isa = PBXBuildFile; fileRef = 4A8B83F62C029DB500F417F9 /* EmployeeCardView.swift */; };
		4A8B83F92C029DD000F417F9 /* EmployeeCardView.xib in Resources */ = {isa = PBXBuildFile; fileRef = 4A8B83F82C029DD000F417F9 /* EmployeeCardView.xib */; };
		4AA0D9622C01E25500104B29 /* UsedDaysBehaviour.swift in Sources */ = {isa = PBXBuildFile; fileRef = 4AA0D9612C01E25500104B29 /* UsedDaysBehaviour.swift */; };
		4AA0D9632C01E25800104B29 /* UsedDaysBehaviour.swift in Sources */ = {isa = PBXBuildFile; fileRef = 4AA0D9612C01E25500104B29 /* UsedDaysBehaviour.swift */; };
		4AA0D9652C01E27A00104B29 /* UsedDaysState.swift in Sources */ = {isa = PBXBuildFile; fileRef = 4AA0D9642C01E27A00104B29 /* UsedDaysState.swift */; };
		4AA0D9672C01E28D00104B29 /* UsedDaysResolver.swift in Sources */ = {isa = PBXBuildFile; fileRef = 4AA0D9662C01E28D00104B29 /* UsedDaysResolver.swift */; };
		4AA0D9682C01E2A000104B29 /* UsedDaysResolver.swift in Sources */ = {isa = PBXBuildFile; fileRef = 4AA0D9662C01E28D00104B29 /* UsedDaysResolver.swift */; };
		4AA0D9692C01E2A600104B29 /* UsedDaysState.swift in Sources */ = {isa = PBXBuildFile; fileRef = 4AA0D9642C01E27A00104B29 /* UsedDaysState.swift */; };
		4AA0D96B2C01E32900104B29 /* OrganizationBehaviourTests.swift in Sources */ = {isa = PBXBuildFile; fileRef = 4AA0D96A2C01E32900104B29 /* OrganizationBehaviourTests.swift */; };
		4AA0D96E2C01E44100104B29 /* OrganizationState.swift in Sources */ = {isa = PBXBuildFile; fileRef = 4AA0D96D2C01E44100104B29 /* OrganizationState.swift */; };
		4AA0D96F2C01E44100104B29 /* OrganizationState.swift in Sources */ = {isa = PBXBuildFile; fileRef = 4AA0D96D2C01E44100104B29 /* OrganizationState.swift */; };
		4AA0D9712C01E45F00104B29 /* OrganizationBehaviour.swift in Sources */ = {isa = PBXBuildFile; fileRef = 4AA0D9702C01E45F00104B29 /* OrganizationBehaviour.swift */; };
		4AA0D9722C01E45F00104B29 /* OrganizationBehaviour.swift in Sources */ = {isa = PBXBuildFile; fileRef = 4AA0D9702C01E45F00104B29 /* OrganizationBehaviour.swift */; };
		4AA0D9742C01E47E00104B29 /* OrganizationResolver.swift in Sources */ = {isa = PBXBuildFile; fileRef = 4AA0D9732C01E47E00104B29 /* OrganizationResolver.swift */; };
		4AA0D9752C01E47E00104B29 /* OrganizationResolver.swift in Sources */ = {isa = PBXBuildFile; fileRef = 4AA0D9732C01E47E00104B29 /* OrganizationResolver.swift */; };
		4AA5A15B2C00B67B003F6852 /* AppDelegate.swift in Sources */ = {isa = PBXBuildFile; fileRef = 4AA5A15A2C00B67B003F6852 /* AppDelegate.swift */; };
		4AA5A1642C00B67C003F6852 /* Assets.xcassets in Resources */ = {isa = PBXBuildFile; fileRef = 4AA5A1632C00B67C003F6852 /* Assets.xcassets */; };
		4AA5A1672C00B67C003F6852 /* LaunchScreen.storyboard in Resources */ = {isa = PBXBuildFile; fileRef = 4AA5A1652C00B67C003F6852 /* LaunchScreen.storyboard */; };
		4AA91E282C02A22200B6F2FD /* OrganizationAdapter.swift in Sources */ = {isa = PBXBuildFile; fileRef = 4AA91E272C02A22200B6F2FD /* OrganizationAdapter.swift */; };
		4AA91E2D2C02A3AB00B6F2FD /* OrganizationAdapterTests.swift in Sources */ = {isa = PBXBuildFile; fileRef = 4AA91E2C2C02A3AB00B6F2FD /* OrganizationAdapterTests.swift */; };
		4AA91E2E2C02A44F00B6F2FD /* OrganizationAdapter.swift in Sources */ = {isa = PBXBuildFile; fileRef = 4AA91E272C02A22200B6F2FD /* OrganizationAdapter.swift */; };
		4AA91E2F2C02A46700B6F2FD /* EmployeeCardView.swift in Sources */ = {isa = PBXBuildFile; fileRef = 4A8B83F62C029DB500F417F9 /* EmployeeCardView.swift */; };
		4AA91E302C02A46C00B6F2FD /* EmployeeCardView.xib in Resources */ = {isa = PBXBuildFile; fileRef = 4A8B83F82C029DD000F417F9 /* EmployeeCardView.xib */; };
		4AA91E332C02A69F00B6F2FD /* OrganizationListView.swift in Sources */ = {isa = PBXBuildFile; fileRef = 4AA91E322C02A69F00B6F2FD /* OrganizationListView.swift */; };
		4AA91E352C02A6AA00B6F2FD /* OrganizationListView.xib in Resources */ = {isa = PBXBuildFile; fileRef = 4AA91E342C02A6AA00B6F2FD /* OrganizationListView.xib */; };
		4AA91E392C02A7BC00B6F2FD /* EmployeeTableViewCell.swift in Sources */ = {isa = PBXBuildFile; fileRef = 4AA91E372C02A7BC00B6F2FD /* EmployeeTableViewCell.swift */; };
		4AA91E3A2C02A7BC00B6F2FD /* EmployeeTableViewCell.xib in Resources */ = {isa = PBXBuildFile; fileRef = 4AA91E382C02A7BC00B6F2FD /* EmployeeTableViewCell.xib */; };
		4AA91E3D2C02A82400B6F2FD /* View+Instance.swift in Sources */ = {isa = PBXBuildFile; fileRef = 4AA91E3C2C02A82400B6F2FD /* View+Instance.swift */; };
		4AA91E402C02A9C400B6F2FD /* View+Fill.swift in Sources */ = {isa = PBXBuildFile; fileRef = 4AA91E3F2C02A9C400B6F2FD /* View+Fill.swift */; };
		4AA91E432C02AA7900B6F2FD /* TableView+RegisterCell.swift in Sources */ = {isa = PBXBuildFile; fileRef = 4AA91E422C02AA7900B6F2FD /* TableView+RegisterCell.swift */; };
		4AA91E462C02AADC00B6F2FD /* TableViewCell+Identifier.swift in Sources */ = {isa = PBXBuildFile; fileRef = 4AA91E452C02AADC00B6F2FD /* TableViewCell+Identifier.swift */; };
		4AA91E482C02AB2E00B6F2FD /* TableView+Dequeue.swift in Sources */ = {isa = PBXBuildFile; fileRef = 4AA91E472C02AB2E00B6F2FD /* TableView+Dequeue.swift */; };
		4AB56E622C00B9140012F5B5 /* Coordinator.swift in Sources */ = {isa = PBXBuildFile; fileRef = 4AB56E612C00B9140012F5B5 /* Coordinator.swift */; };
		4AB56E652C00B9370012F5B5 /* AppCoordinator.swift in Sources */ = {isa = PBXBuildFile; fileRef = 4AB56E642C00B9370012F5B5 /* AppCoordinator.swift */; };
		4AB56E682C00B98E0012F5B5 /* User.swift in Sources */ = {isa = PBXBuildFile; fileRef = 4AB56E672C00B98E0012F5B5 /* User.swift */; };
		4AB56E6E2C00BA260012F5B5 /* SplashViewController.swift in Sources */ = {isa = PBXBuildFile; fileRef = 4AB56E6C2C00BA260012F5B5 /* SplashViewController.swift */; };
		4AB56E6F2C00BA260012F5B5 /* SplashViewController.xib in Resources */ = {isa = PBXBuildFile; fileRef = 4AB56E6D2C00BA260012F5B5 /* SplashViewController.xib */; };
		4AB56E722C00BA300012F5B5 /* LoginViewController.swift in Sources */ = {isa = PBXBuildFile; fileRef = 4AB56E702C00BA300012F5B5 /* LoginViewController.swift */; };
		4AB56E732C00BA300012F5B5 /* LoginViewController.xib in Resources */ = {isa = PBXBuildFile; fileRef = 4AB56E712C00BA300012F5B5 /* LoginViewController.xib */; };
		4AB56E762C00BA7F0012F5B5 /* ViewController+Instance.swift in Sources */ = {isa = PBXBuildFile; fileRef = 4AB56E752C00BA7F0012F5B5 /* ViewController+Instance.swift */; };
		4AB56E8A2C00BF000012F5B5 /* LoginBehaviourTests.swift in Sources */ = {isa = PBXBuildFile; fileRef = 4AB56E892C00BF000012F5B5 /* LoginBehaviourTests.swift */; };
		4AB56E8E2C00C0710012F5B5 /* LoginBehaviour.swift in Sources */ = {isa = PBXBuildFile; fileRef = 4AB56E8D2C00C0710012F5B5 /* LoginBehaviour.swift */; };
		4AB56E902C00C0800012F5B5 /* LoginState.swift in Sources */ = {isa = PBXBuildFile; fileRef = 4AB56E8F2C00C0800012F5B5 /* LoginState.swift */; };
		4AB56E912C00C0B00012F5B5 /* LoginState.swift in Sources */ = {isa = PBXBuildFile; fileRef = 4AB56E8F2C00C0800012F5B5 /* LoginState.swift */; };
		4AB56E922C00C0B20012F5B5 /* LoginBehaviour.swift in Sources */ = {isa = PBXBuildFile; fileRef = 4AB56E8D2C00C0710012F5B5 /* LoginBehaviour.swift */; };
		4AB56E952C00EE2D0012F5B5 /* Closures.swift in Sources */ = {isa = PBXBuildFile; fileRef = 4AB56E942C00EE2D0012F5B5 /* Closures.swift */; };
		4AB56E972C00EEDE0012F5B5 /* LoginResolver.swift in Sources */ = {isa = PBXBuildFile; fileRef = 4AB56E962C00EEDE0012F5B5 /* LoginResolver.swift */; };
		4AB56E982C00EEFA0012F5B5 /* LoginResolver.swift in Sources */ = {isa = PBXBuildFile; fileRef = 4AB56E962C00EEDE0012F5B5 /* LoginResolver.swift */; };
		4AB56E992C00FF4D0012F5B5 /* User.swift in Sources */ = {isa = PBXBuildFile; fileRef = 4AB56E672C00B98E0012F5B5 /* User.swift */; };
		4AB56E9A2C00FFA10012F5B5 /* Closures.swift in Sources */ = {isa = PBXBuildFile; fileRef = 4AB56E942C00EE2D0012F5B5 /* Closures.swift */; };
		4AB56E9C2C01011E0012F5B5 /* APIError.swift in Sources */ = {isa = PBXBuildFile; fileRef = 4AB56E9B2C01011E0012F5B5 /* APIError.swift */; };
		4AB56E9D2C01011E0012F5B5 /* APIError.swift in Sources */ = {isa = PBXBuildFile; fileRef = 4AB56E9B2C01011E0012F5B5 /* APIError.swift */; };
		4AB56E9F2C0102A10012F5B5 /* TestConstants.swift in Sources */ = {isa = PBXBuildFile; fileRef = 4AB56E9E2C0102A10012F5B5 /* TestConstants.swift */; };
		4AB56EA32C0104AB0012F5B5 /* SplashBehaviourTests.swift in Sources */ = {isa = PBXBuildFile; fileRef = 4AB56EA22C0104AB0012F5B5 /* SplashBehaviourTests.swift */; };
		4AB56EA52C010BF50012F5B5 /* SplashBehaviour.swift in Sources */ = {isa = PBXBuildFile; fileRef = 4AB56EA42C010BF50012F5B5 /* SplashBehaviour.swift */; };
		4AB56EA62C010C050012F5B5 /* SplashBehaviour.swift in Sources */ = {isa = PBXBuildFile; fileRef = 4AB56EA42C010BF50012F5B5 /* SplashBehaviour.swift */; };
		4AB56EA82C010D7E0012F5B5 /* UsedDaysBehaviourTests.swift in Sources */ = {isa = PBXBuildFile; fileRef = 4AB56EA72C010D7E0012F5B5 /* UsedDaysBehaviourTests.swift */; };
		4AF49D2C2C0329D10037FF98 /* Organization.swift in Sources */ = {isa = PBXBuildFile; fileRef = 4AF49D2B2C0329D10037FF98 /* Organization.swift */; };
		4AF49D2F2C03307B0037FF98 /* UsedDaysListView.swift in Sources */ = {isa = PBXBuildFile; fileRef = 4AF49D2E2C03307B0037FF98 /* UsedDaysListView.swift */; };
		4AF49D312C0330830037FF98 /* UsedDaysListView.xib in Resources */ = {isa = PBXBuildFile; fileRef = 4AF49D302C0330830037FF98 /* UsedDaysListView.xib */; };
		4AF49D342C0330BB0037FF98 /* InfoCardView.swift in Sources */ = {isa = PBXBuildFile; fileRef = 4AF49D332C0330BB0037FF98 /* InfoCardView.swift */; };
		4AF49D362C0330CD0037FF98 /* InfoCardView.xib in Resources */ = {isa = PBXBuildFile; fileRef = 4AF49D352C0330CD0037FF98 /* InfoCardView.xib */; };
		4AF49D382C0337F70037FF98 /* UsedDaysAdapterTests.swift in Sources */ = {isa = PBXBuildFile; fileRef = 4AF49D372C0337F70037FF98 /* UsedDaysAdapterTests.swift */; };
		4AF49D3B2C0338160037FF98 /* UsedDaysAdapter.swift in Sources */ = {isa = PBXBuildFile; fileRef = 4AF49D3A2C0338160037FF98 /* UsedDaysAdapter.swift */; };
		4AF49D3C2C0338160037FF98 /* UsedDaysAdapter.swift in Sources */ = {isa = PBXBuildFile; fileRef = 4AF49D3A2C0338160037FF98 /* UsedDaysAdapter.swift */; };
		4AF49D3D2C03435D0037FF98 /* InfoCardView.swift in Sources */ = {isa = PBXBuildFile; fileRef = 4AF49D332C0330BB0037FF98 /* InfoCardView.swift */; };
		4AF49D3E2C0343C90037FF98 /* UserService.swift in Sources */ = {isa = PBXBuildFile; fileRef = 4A8B83BD2C01FE7400F417F9 /* UserService.swift */; };
		4AF49D3F2C0343D70037FF98 /* Organization.swift in Sources */ = {isa = PBXBuildFile; fileRef = 4AF49D2B2C0329D10037FF98 /* Organization.swift */; };
		4AF49D402C0343EE0037FF98 /* Strings.swift in Sources */ = {isa = PBXBuildFile; fileRef = 4A8B83E12C0285D200F417F9 /* Strings.swift */; };
		4AF49D432C034C490037FF98 /* InputFieldView.swift in Sources */ = {isa = PBXBuildFile; fileRef = 4AF49D422C034C490037FF98 /* InputFieldView.swift */; };
		4AF49D452C034C530037FF98 /* InputFieldView.xib in Resources */ = {isa = PBXBuildFile; fileRef = 4AF49D442C034C520037FF98 /* InputFieldView.xib */; };
		4AF49D4B2C036ADC0037FF98 /* LoginFormView.swift in Sources */ = {isa = PBXBuildFile; fileRef = 4AF49D4A2C036ADC0037FF98 /* LoginFormView.swift */; };
		4AF49D4D2C036AEB0037FF98 /* LoginFormView.xib in Resources */ = {isa = PBXBuildFile; fileRef = 4AF49D4C2C036AEB0037FF98 /* LoginFormView.xib */; };
		4AF49D502C03710B0037FF98 /* CTAView.swift in Sources */ = {isa = PBXBuildFile; fileRef = 4AF49D4F2C03710B0037FF98 /* CTAView.swift */; };
		4AF49D522C0371180037FF98 /* CTAView.xib in Resources */ = {isa = PBXBuildFile; fileRef = 4AF49D512C0371180037FF98 /* CTAView.xib */; };
		4AF49D542C03722A0037FF98 /* ScallableView.swift in Sources */ = {isa = PBXBuildFile; fileRef = 4AF49D532C03722A0037FF98 /* ScallableView.swift */; };
		73615EBC86F2BFCCC9D86B54 /* Pods_EagleAssignmentTests.framework in Frameworks */ = {isa = PBXBuildFile; fileRef = BB52F25C364BF4E60DCD5CB6 /* Pods_EagleAssignmentTests.framework */; };
/* End PBXBuildFile section */

/* Begin PBXContainerItemProxy section */
		4AB56E812C00BE500012F5B5 /* PBXContainerItemProxy */ = {
			isa = PBXContainerItemProxy;
			containerPortal = 4AA5A14F2C00B67B003F6852 /* Project object */;
			proxyType = 1;
			remoteGlobalIDString = 4AA5A1562C00B67B003F6852;
			remoteInfo = EagleAssignment;
		};
/* End PBXContainerItemProxy section */

/* Begin PBXFileReference section */
		3C83DB5CB4A030F9B3260976 /* Pods-EagleAssignmentTests.release.xcconfig */ = {isa = PBXFileReference; includeInIndex = 1; lastKnownFileType = text.xcconfig; name = "Pods-EagleAssignmentTests.release.xcconfig"; path = "Target Support Files/Pods-EagleAssignmentTests/Pods-EagleAssignmentTests.release.xcconfig"; sourceTree = "<group>"; };
		4A8B83AE2C01F28200F417F9 /* Paths.swift */ = {isa = PBXFileReference; lastKnownFileType = sourcecode.swift; path = Paths.swift; sourceTree = "<group>"; };
		4A8B83B02C01F80900F417F9 /* Parser.swift */ = {isa = PBXFileReference; lastKnownFileType = sourcecode.swift; path = Parser.swift; sourceTree = "<group>"; };
		4A8B83B22C01F83700F417F9 /* APIResponse.swift */ = {isa = PBXFileReference; lastKnownFileType = sourcecode.swift; path = APIResponse.swift; sourceTree = "<group>"; };
		4A8B83B62C01F8E300F417F9 /* AccessToken.swift */ = {isa = PBXFileReference; lastKnownFileType = sourcecode.swift; path = AccessToken.swift; sourceTree = "<group>"; };
		4A8B83B82C01FC1D00F417F9 /* NetworkRequest.swift */ = {isa = PBXFileReference; lastKnownFileType = sourcecode.swift; path = NetworkRequest.swift; sourceTree = "<group>"; };
		4A8B83BA2C01FD7F00F417F9 /* NetworkManager.swift */ = {isa = PBXFileReference; lastKnownFileType = sourcecode.swift; path = NetworkManager.swift; sourceTree = "<group>"; };
		4A8B83BD2C01FE7400F417F9 /* UserService.swift */ = {isa = PBXFileReference; lastKnownFileType = sourcecode.swift; path = UserService.swift; sourceTree = "<group>"; };
		4A8B83C12C023C9A00F417F9 /* AuthenticationService.swift */ = {isa = PBXFileReference; lastKnownFileType = sourcecode.swift; path = AuthenticationService.swift; sourceTree = "<group>"; };
		4A8B83C32C023EDC00F417F9 /* Days.swift */ = {isa = PBXFileReference; lastKnownFileType = sourcecode.swift; path = Days.swift; sourceTree = "<group>"; };
		4A8B83C62C02692600F417F9 /* ValidatorFactory.swift */ = {isa = PBXFileReference; lastKnownFileType = sourcecode.swift; path = ValidatorFactory.swift; sourceTree = "<group>"; };
		4A8B83C92C026A7000F417F9 /* ValidatorTests.swift */ = {isa = PBXFileReference; lastKnownFileType = sourcecode.swift; path = ValidatorTests.swift; sourceTree = "<group>"; };
		4A8B83D72C0275C400F417F9 /* UsedDaysViewController.swift */ = {isa = PBXFileReference; lastKnownFileType = sourcecode.swift; path = UsedDaysViewController.swift; sourceTree = "<group>"; };
		4A8B83D82C0275C400F417F9 /* UsedDaysViewController.xib */ = {isa = PBXFileReference; lastKnownFileType = file.xib; path = UsedDaysViewController.xib; sourceTree = "<group>"; };
		4A8B83DB2C027F9E00F417F9 /* OrganizationViewController.swift */ = {isa = PBXFileReference; lastKnownFileType = sourcecode.swift; path = OrganizationViewController.swift; sourceTree = "<group>"; };
		4A8B83DC2C027F9E00F417F9 /* OrganizationViewController.xib */ = {isa = PBXFileReference; lastKnownFileType = file.xib; path = OrganizationViewController.xib; sourceTree = "<group>"; };
		4A8B83DF2C02838300F417F9 /* TabViewController.swift */ = {isa = PBXFileReference; lastKnownFileType = sourcecode.swift; path = TabViewController.swift; sourceTree = "<group>"; };
		4A8B83E12C0285D200F417F9 /* Strings.swift */ = {isa = PBXFileReference; lastKnownFileType = sourcecode.swift; path = Strings.swift; sourceTree = "<group>"; };
		4A8B83E32C02864C00F417F9 /* Images.swift */ = {isa = PBXFileReference; lastKnownFileType = sourcecode.swift; path = Images.swift; sourceTree = "<group>"; };
		4A8B83E62C02878100F417F9 /* ImageTests.swift */ = {isa = PBXFileReference; lastKnownFileType = sourcecode.swift; path = ImageTests.swift; sourceTree = "<group>"; };
		4A8B83EA2C02884000F417F9 /* MyInfoViewController.swift */ = {isa = PBXFileReference; lastKnownFileType = sourcecode.swift; path = MyInfoViewController.swift; sourceTree = "<group>"; };
		4A8B83EB2C02884000F417F9 /* MyInfoViewController.xib */ = {isa = PBXFileReference; lastKnownFileType = file.xib; path = MyInfoViewController.xib; sourceTree = "<group>"; };
		4A8B83F62C029DB500F417F9 /* EmployeeCardView.swift */ = {isa = PBXFileReference; lastKnownFileType = sourcecode.swift; path = EmployeeCardView.swift; sourceTree = "<group>"; };
		4A8B83F82C029DD000F417F9 /* EmployeeCardView.xib */ = {isa = PBXFileReference; lastKnownFileType = file.xib; path = EmployeeCardView.xib; sourceTree = "<group>"; };
		4AA0D9612C01E25500104B29 /* UsedDaysBehaviour.swift */ = {isa = PBXFileReference; lastKnownFileType = sourcecode.swift; path = UsedDaysBehaviour.swift; sourceTree = "<group>"; };
		4AA0D9642C01E27A00104B29 /* UsedDaysState.swift */ = {isa = PBXFileReference; lastKnownFileType = sourcecode.swift; path = UsedDaysState.swift; sourceTree = "<group>"; };
		4AA0D9662C01E28D00104B29 /* UsedDaysResolver.swift */ = {isa = PBXFileReference; lastKnownFileType = sourcecode.swift; path = UsedDaysResolver.swift; sourceTree = "<group>"; };
		4AA0D96A2C01E32900104B29 /* OrganizationBehaviourTests.swift */ = {isa = PBXFileReference; lastKnownFileType = sourcecode.swift; path = OrganizationBehaviourTests.swift; sourceTree = "<group>"; };
		4AA0D96D2C01E44100104B29 /* OrganizationState.swift */ = {isa = PBXFileReference; lastKnownFileType = sourcecode.swift; path = OrganizationState.swift; sourceTree = "<group>"; };
		4AA0D9702C01E45F00104B29 /* OrganizationBehaviour.swift */ = {isa = PBXFileReference; lastKnownFileType = sourcecode.swift; path = OrganizationBehaviour.swift; sourceTree = "<group>"; };
		4AA0D9732C01E47E00104B29 /* OrganizationResolver.swift */ = {isa = PBXFileReference; lastKnownFileType = sourcecode.swift; path = OrganizationResolver.swift; sourceTree = "<group>"; };
		4AA5A1572C00B67B003F6852 /* EagleAssignment.app */ = {isa = PBXFileReference; explicitFileType = wrapper.application; includeInIndex = 0; path = EagleAssignment.app; sourceTree = BUILT_PRODUCTS_DIR; };
		4AA5A15A2C00B67B003F6852 /* AppDelegate.swift */ = {isa = PBXFileReference; lastKnownFileType = sourcecode.swift; path = AppDelegate.swift; sourceTree = "<group>"; };
		4AA5A1632C00B67C003F6852 /* Assets.xcassets */ = {isa = PBXFileReference; lastKnownFileType = folder.assetcatalog; path = Assets.xcassets; sourceTree = "<group>"; };
		4AA5A1662C00B67C003F6852 /* Base */ = {isa = PBXFileReference; lastKnownFileType = file.storyboard; name = Base; path = Base.lproj/LaunchScreen.storyboard; sourceTree = "<group>"; };
		4AA5A1682C00B67C003F6852 /* Info.plist */ = {isa = PBXFileReference; lastKnownFileType = text.plist.xml; path = Info.plist; sourceTree = "<group>"; };
		4AA91E272C02A22200B6F2FD /* OrganizationAdapter.swift */ = {isa = PBXFileReference; lastKnownFileType = sourcecode.swift; path = OrganizationAdapter.swift; sourceTree = "<group>"; };
		4AA91E2C2C02A3AB00B6F2FD /* OrganizationAdapterTests.swift */ = {isa = PBXFileReference; lastKnownFileType = sourcecode.swift; path = OrganizationAdapterTests.swift; sourceTree = "<group>"; };
		4AA91E322C02A69F00B6F2FD /* OrganizationListView.swift */ = {isa = PBXFileReference; lastKnownFileType = sourcecode.swift; path = OrganizationListView.swift; sourceTree = "<group>"; };
		4AA91E342C02A6AA00B6F2FD /* OrganizationListView.xib */ = {isa = PBXFileReference; lastKnownFileType = file.xib; path = OrganizationListView.xib; sourceTree = "<group>"; };
		4AA91E372C02A7BC00B6F2FD /* EmployeeTableViewCell.swift */ = {isa = PBXFileReference; lastKnownFileType = sourcecode.swift; path = EmployeeTableViewCell.swift; sourceTree = "<group>"; };
		4AA91E382C02A7BC00B6F2FD /* EmployeeTableViewCell.xib */ = {isa = PBXFileReference; lastKnownFileType = file.xib; path = EmployeeTableViewCell.xib; sourceTree = "<group>"; };
		4AA91E3C2C02A82400B6F2FD /* View+Instance.swift */ = {isa = PBXFileReference; lastKnownFileType = sourcecode.swift; path = "View+Instance.swift"; sourceTree = "<group>"; };
		4AA91E3F2C02A9C400B6F2FD /* View+Fill.swift */ = {isa = PBXFileReference; lastKnownFileType = sourcecode.swift; path = "View+Fill.swift"; sourceTree = "<group>"; };
		4AA91E422C02AA7900B6F2FD /* TableView+RegisterCell.swift */ = {isa = PBXFileReference; lastKnownFileType = sourcecode.swift; path = "TableView+RegisterCell.swift"; sourceTree = "<group>"; };
		4AA91E452C02AADC00B6F2FD /* TableViewCell+Identifier.swift */ = {isa = PBXFileReference; lastKnownFileType = sourcecode.swift; path = "TableViewCell+Identifier.swift"; sourceTree = "<group>"; };
		4AA91E472C02AB2E00B6F2FD /* TableView+Dequeue.swift */ = {isa = PBXFileReference; lastKnownFileType = sourcecode.swift; path = "TableView+Dequeue.swift"; sourceTree = "<group>"; };
		4AB56E612C00B9140012F5B5 /* Coordinator.swift */ = {isa = PBXFileReference; lastKnownFileType = sourcecode.swift; path = Coordinator.swift; sourceTree = "<group>"; };
		4AB56E642C00B9370012F5B5 /* AppCoordinator.swift */ = {isa = PBXFileReference; lastKnownFileType = sourcecode.swift; path = AppCoordinator.swift; sourceTree = "<group>"; };
		4AB56E672C00B98E0012F5B5 /* User.swift */ = {isa = PBXFileReference; lastKnownFileType = sourcecode.swift; path = User.swift; sourceTree = "<group>"; };
		4AB56E6C2C00BA260012F5B5 /* SplashViewController.swift */ = {isa = PBXFileReference; lastKnownFileType = sourcecode.swift; path = SplashViewController.swift; sourceTree = "<group>"; };
		4AB56E6D2C00BA260012F5B5 /* SplashViewController.xib */ = {isa = PBXFileReference; lastKnownFileType = file.xib; path = SplashViewController.xib; sourceTree = "<group>"; };
		4AB56E702C00BA300012F5B5 /* LoginViewController.swift */ = {isa = PBXFileReference; lastKnownFileType = sourcecode.swift; path = LoginViewController.swift; sourceTree = "<group>"; };
		4AB56E712C00BA300012F5B5 /* LoginViewController.xib */ = {isa = PBXFileReference; lastKnownFileType = file.xib; path = LoginViewController.xib; sourceTree = "<group>"; };
		4AB56E752C00BA7F0012F5B5 /* ViewController+Instance.swift */ = {isa = PBXFileReference; lastKnownFileType = sourcecode.swift; path = "ViewController+Instance.swift"; sourceTree = "<group>"; };
		4AB56E7D2C00BE500012F5B5 /* EagleAssignmentTests.xctest */ = {isa = PBXFileReference; explicitFileType = wrapper.cfbundle; includeInIndex = 0; path = EagleAssignmentTests.xctest; sourceTree = BUILT_PRODUCTS_DIR; };
		4AB56E892C00BF000012F5B5 /* LoginBehaviourTests.swift */ = {isa = PBXFileReference; lastKnownFileType = sourcecode.swift; path = LoginBehaviourTests.swift; sourceTree = "<group>"; };
		4AB56E8D2C00C0710012F5B5 /* LoginBehaviour.swift */ = {isa = PBXFileReference; lastKnownFileType = sourcecode.swift; path = LoginBehaviour.swift; sourceTree = "<group>"; };
		4AB56E8F2C00C0800012F5B5 /* LoginState.swift */ = {isa = PBXFileReference; lastKnownFileType = sourcecode.swift; path = LoginState.swift; sourceTree = "<group>"; };
		4AB56E942C00EE2D0012F5B5 /* Closures.swift */ = {isa = PBXFileReference; lastKnownFileType = sourcecode.swift; path = Closures.swift; sourceTree = "<group>"; };
		4AB56E962C00EEDE0012F5B5 /* LoginResolver.swift */ = {isa = PBXFileReference; lastKnownFileType = sourcecode.swift; path = LoginResolver.swift; sourceTree = "<group>"; };
		4AB56E9B2C01011E0012F5B5 /* APIError.swift */ = {isa = PBXFileReference; lastKnownFileType = sourcecode.swift; path = APIError.swift; sourceTree = "<group>"; };
		4AB56E9E2C0102A10012F5B5 /* TestConstants.swift */ = {isa = PBXFileReference; lastKnownFileType = sourcecode.swift; path = TestConstants.swift; sourceTree = "<group>"; };
		4AB56EA22C0104AB0012F5B5 /* SplashBehaviourTests.swift */ = {isa = PBXFileReference; lastKnownFileType = sourcecode.swift; path = SplashBehaviourTests.swift; sourceTree = "<group>"; };
		4AB56EA42C010BF50012F5B5 /* SplashBehaviour.swift */ = {isa = PBXFileReference; lastKnownFileType = sourcecode.swift; path = SplashBehaviour.swift; sourceTree = "<group>"; };
		4AB56EA72C010D7E0012F5B5 /* UsedDaysBehaviourTests.swift */ = {isa = PBXFileReference; lastKnownFileType = sourcecode.swift; path = UsedDaysBehaviourTests.swift; sourceTree = "<group>"; };
		4AF49D2B2C0329D10037FF98 /* Organization.swift */ = {isa = PBXFileReference; lastKnownFileType = sourcecode.swift; path = Organization.swift; sourceTree = "<group>"; };
		4AF49D2E2C03307B0037FF98 /* UsedDaysListView.swift */ = {isa = PBXFileReference; lastKnownFileType = sourcecode.swift; path = UsedDaysListView.swift; sourceTree = "<group>"; };
		4AF49D302C0330830037FF98 /* UsedDaysListView.xib */ = {isa = PBXFileReference; lastKnownFileType = file.xib; path = UsedDaysListView.xib; sourceTree = "<group>"; };
		4AF49D332C0330BB0037FF98 /* InfoCardView.swift */ = {isa = PBXFileReference; lastKnownFileType = sourcecode.swift; path = InfoCardView.swift; sourceTree = "<group>"; };
		4AF49D352C0330CD0037FF98 /* InfoCardView.xib */ = {isa = PBXFileReference; lastKnownFileType = file.xib; path = InfoCardView.xib; sourceTree = "<group>"; };
		4AF49D372C0337F70037FF98 /* UsedDaysAdapterTests.swift */ = {isa = PBXFileReference; lastKnownFileType = sourcecode.swift; path = UsedDaysAdapterTests.swift; sourceTree = "<group>"; };
		4AF49D3A2C0338160037FF98 /* UsedDaysAdapter.swift */ = {isa = PBXFileReference; lastKnownFileType = sourcecode.swift; path = UsedDaysAdapter.swift; sourceTree = "<group>"; };
		4AF49D422C034C490037FF98 /* InputFieldView.swift */ = {isa = PBXFileReference; lastKnownFileType = sourcecode.swift; path = InputFieldView.swift; sourceTree = "<group>"; };
		4AF49D442C034C520037FF98 /* InputFieldView.xib */ = {isa = PBXFileReference; lastKnownFileType = file.xib; path = InputFieldView.xib; sourceTree = "<group>"; };
		4AF49D4A2C036ADC0037FF98 /* LoginFormView.swift */ = {isa = PBXFileReference; lastKnownFileType = sourcecode.swift; path = LoginFormView.swift; sourceTree = "<group>"; };
		4AF49D4C2C036AEB0037FF98 /* LoginFormView.xib */ = {isa = PBXFileReference; lastKnownFileType = file.xib; path = LoginFormView.xib; sourceTree = "<group>"; };
		4AF49D4F2C03710B0037FF98 /* CTAView.swift */ = {isa = PBXFileReference; lastKnownFileType = sourcecode.swift; path = CTAView.swift; sourceTree = "<group>"; };
		4AF49D512C0371180037FF98 /* CTAView.xib */ = {isa = PBXFileReference; lastKnownFileType = file.xib; path = CTAView.xib; sourceTree = "<group>"; };
		4AF49D532C03722A0037FF98 /* ScallableView.swift */ = {isa = PBXFileReference; lastKnownFileType = sourcecode.swift; path = ScallableView.swift; sourceTree = "<group>"; };
		51C769F7343B73DB82A8B83F /* Pods-EagleAssignment.release.xcconfig */ = {isa = PBXFileReference; includeInIndex = 1; lastKnownFileType = text.xcconfig; name = "Pods-EagleAssignment.release.xcconfig"; path = "Target Support Files/Pods-EagleAssignment/Pods-EagleAssignment.release.xcconfig"; sourceTree = "<group>"; };
		55523F5CB1D2142721E0978A /* Pods-EagleAssignment.debug.xcconfig */ = {isa = PBXFileReference; includeInIndex = 1; lastKnownFileType = text.xcconfig; name = "Pods-EagleAssignment.debug.xcconfig"; path = "Target Support Files/Pods-EagleAssignment/Pods-EagleAssignment.debug.xcconfig"; sourceTree = "<group>"; };
		7CE2D6A4CF583446CABDAB0D /* Pods-EagleAssignmentTests.debug.xcconfig */ = {isa = PBXFileReference; includeInIndex = 1; lastKnownFileType = text.xcconfig; name = "Pods-EagleAssignmentTests.debug.xcconfig"; path = "Target Support Files/Pods-EagleAssignmentTests/Pods-EagleAssignmentTests.debug.xcconfig"; sourceTree = "<group>"; };
		BB52F25C364BF4E60DCD5CB6 /* Pods_EagleAssignmentTests.framework */ = {isa = PBXFileReference; explicitFileType = wrapper.framework; includeInIndex = 0; path = Pods_EagleAssignmentTests.framework; sourceTree = BUILT_PRODUCTS_DIR; };
		CF52BA0BCFCE6B90407B6A85 /* Pods_EagleAssignment.framework */ = {isa = PBXFileReference; explicitFileType = wrapper.framework; includeInIndex = 0; path = Pods_EagleAssignment.framework; sourceTree = BUILT_PRODUCTS_DIR; };
/* End PBXFileReference section */

/* Begin PBXFrameworksBuildPhase section */
		4AA5A1542C00B67B003F6852 /* Frameworks */ = {
			isa = PBXFrameworksBuildPhase;
			buildActionMask = 2147483647;
			files = (
				47F3CFE92DB36586E2C1F1FE /* Pods_EagleAssignment.framework in Frameworks */,
			);
			runOnlyForDeploymentPostprocessing = 0;
		};
		4AB56E7A2C00BE500012F5B5 /* Frameworks */ = {
			isa = PBXFrameworksBuildPhase;
			buildActionMask = 2147483647;
			files = (
				73615EBC86F2BFCCC9D86B54 /* Pods_EagleAssignmentTests.framework in Frameworks */,
			);
			runOnlyForDeploymentPostprocessing = 0;
		};
/* End PBXFrameworksBuildPhase section */

/* Begin PBXGroup section */
		4A8B83BC2C01FE5200F417F9 /* Services */ = {
			isa = PBXGroup;
			children = (
				4A8B83C12C023C9A00F417F9 /* AuthenticationService.swift */,
				4A8B83BD2C01FE7400F417F9 /* UserService.swift */,
			);
			path = Services;
			sourceTree = "<group>";
		};
		4A8B83C82C026A5500F417F9 /* UnitTests */ = {
			isa = PBXGroup;
			children = (
				4A8B83C92C026A7000F417F9 /* ValidatorTests.swift */,
				4AA91E2C2C02A3AB00B6F2FD /* OrganizationAdapterTests.swift */,
				4AF49D372C0337F70037FF98 /* UsedDaysAdapterTests.swift */,
			);
			path = UnitTests;
			sourceTree = "<group>";
		};
		4A8B83E52C02875F00F417F9 /* Resources */ = {
			isa = PBXGroup;
			children = (
				4A8B83E62C02878100F417F9 /* ImageTests.swift */,
			);
			path = Resources;
			sourceTree = "<group>";
		};
		4A8B83E92C02881800F417F9 /* MyInfo */ = {
			isa = PBXGroup;
			children = (
				4A8B83EA2C02884000F417F9 /* MyInfoViewController.swift */,
				4A8B83EB2C02884000F417F9 /* MyInfoViewController.xib */,
			);
			path = MyInfo;
			sourceTree = "<group>";
		};
		4A8B83F32C029D6B00F417F9 /* Styleguide */ = {
			isa = PBXGroup;
			children = (
				4AF49D4E2C0370FB0037FF98 /* Buttons */,
				4AF49D412C0345D30037FF98 /* Inputs */,
				4A8B83F42C029D7B00F417F9 /* Cards */,
			);
			path = Styleguide;
			sourceTree = "<group>";
		};
		4A8B83F42C029D7B00F417F9 /* Cards */ = {
			isa = PBXGroup;
			children = (
				4AF49D322C0330AA0037FF98 /* Info */,
				4A8B83F52C029D9800F417F9 /* Employee */,
			);
			path = Cards;
			sourceTree = "<group>";
		};
		4A8B83F52C029D9800F417F9 /* Employee */ = {
			isa = PBXGroup;
			children = (
				4A8B83F62C029DB500F417F9 /* EmployeeCardView.swift */,
				4A8B83F82C029DD000F417F9 /* EmployeeCardView.xib */,
			);
			path = Employee;
			sourceTree = "<group>";
		};
		4AA0D9602C01E24700104B29 /* UsedDays */ = {
			isa = PBXGroup;
			children = (
				4AF49D392C03380B0037FF98 /* Adapter */,
				4AF49D2D2C03306E0037FF98 /* List */,
				4AA0D9642C01E27A00104B29 /* UsedDaysState.swift */,
				4AA0D9612C01E25500104B29 /* UsedDaysBehaviour.swift */,
				4AA0D9662C01E28D00104B29 /* UsedDaysResolver.swift */,
				4A8B83D72C0275C400F417F9 /* UsedDaysViewController.swift */,
				4A8B83D82C0275C400F417F9 /* UsedDaysViewController.xib */,
			);
			path = UsedDays;
			sourceTree = "<group>";
		};
		4AA0D96C2C01E43100104B29 /* Organization */ = {
			isa = PBXGroup;
			children = (
				4AA91E3E2C02A94B00B6F2FD /* Adapter */,
				4AA91E312C02A68800B6F2FD /* List */,
				4AA0D96D2C01E44100104B29 /* OrganizationState.swift */,
				4AA0D9702C01E45F00104B29 /* OrganizationBehaviour.swift */,
				4AA0D9732C01E47E00104B29 /* OrganizationResolver.swift */,
				4A8B83DB2C027F9E00F417F9 /* OrganizationViewController.swift */,
				4A8B83DC2C027F9E00F417F9 /* OrganizationViewController.xib */,
			);
			path = Organization;
			sourceTree = "<group>";
		};
		4AA5A14E2C00B67B003F6852 = {
			isa = PBXGroup;
			children = (
				4AA5A1592C00B67B003F6852 /* EagleAssignment */,
				4AB56E7E2C00BE500012F5B5 /* EagleAssignmentTests */,
				4AA5A1582C00B67B003F6852 /* Products */,
				D99121DCA7B0D38B2EA9C73E /* Pods */,
				9B9DAACCC5D2841AF3A14F0A /* Frameworks */,
			);
			sourceTree = "<group>";
		};
		4AA5A1582C00B67B003F6852 /* Products */ = {
			isa = PBXGroup;
			children = (
				4AA5A1572C00B67B003F6852 /* EagleAssignment.app */,
				4AB56E7D2C00BE500012F5B5 /* EagleAssignmentTests.xctest */,
			);
			name = Products;
			sourceTree = "<group>";
		};
		4AA5A1592C00B67B003F6852 /* EagleAssignment */ = {
			isa = PBXGroup;
			children = (
				4AB56E632C00B9250012F5B5 /* Flows */,
				4A8B83F32C029D6B00F417F9 /* Styleguide */,
				4AB56E662C00B9790012F5B5 /* Networking */,
				4AA5A16E2C00B69F003F6852 /* Resources */,
				4AB56E602C00B9050012F5B5 /* Utils */,
				4AA5A15A2C00B67B003F6852 /* AppDelegate.swift */,
				4AA5A1682C00B67C003F6852 /* Info.plist */,
			);
			path = EagleAssignment;
			sourceTree = "<group>";
		};
		4AA5A16E2C00B69F003F6852 /* Resources */ = {
			isa = PBXGroup;
			children = (
				4A8B83E12C0285D200F417F9 /* Strings.swift */,
				4A8B83E32C02864C00F417F9 /* Images.swift */,
				4AA5A1632C00B67C003F6852 /* Assets.xcassets */,
				4AA5A1652C00B67C003F6852 /* LaunchScreen.storyboard */,
			);
			path = Resources;
			sourceTree = "<group>";
		};
		4AA91E312C02A68800B6F2FD /* List */ = {
			isa = PBXGroup;
			children = (
				4AA91E362C02A79F00B6F2FD /* Cell */,
				4AA91E322C02A69F00B6F2FD /* OrganizationListView.swift */,
				4AA91E342C02A6AA00B6F2FD /* OrganizationListView.xib */,
			);
			path = List;
			sourceTree = "<group>";
		};
		4AA91E362C02A79F00B6F2FD /* Cell */ = {
			isa = PBXGroup;
			children = (
				4AA91E372C02A7BC00B6F2FD /* EmployeeTableViewCell.swift */,
				4AA91E382C02A7BC00B6F2FD /* EmployeeTableViewCell.xib */,
			);
			path = Cell;
			sourceTree = "<group>";
		};
		4AA91E3B2C02A81700B6F2FD /* View */ = {
			isa = PBXGroup;
			children = (
				4AA91E3C2C02A82400B6F2FD /* View+Instance.swift */,
				4AA91E3F2C02A9C400B6F2FD /* View+Fill.swift */,
			);
			path = View;
			sourceTree = "<group>";
		};
		4AA91E3E2C02A94B00B6F2FD /* Adapter */ = {
			isa = PBXGroup;
			children = (
				4AA91E272C02A22200B6F2FD /* OrganizationAdapter.swift */,
			);
			path = Adapter;
			sourceTree = "<group>";
		};
		4AA91E412C02AA6C00B6F2FD /* TableView */ = {
			isa = PBXGroup;
			children = (
				4AA91E422C02AA7900B6F2FD /* TableView+RegisterCell.swift */,
				4AA91E472C02AB2E00B6F2FD /* TableView+Dequeue.swift */,
			);
			path = TableView;
			sourceTree = "<group>";
		};
		4AA91E442C02AAC700B6F2FD /* TableViewCell */ = {
			isa = PBXGroup;
			children = (
				4AA91E452C02AADC00B6F2FD /* TableViewCell+Identifier.swift */,
			);
			path = TableViewCell;
			sourceTree = "<group>";
		};
		4AB56E602C00B9050012F5B5 /* Utils */ = {
			isa = PBXGroup;
			children = (
				4AA91E3B2C02A81700B6F2FD /* View */,
				4AB56E742C00BA6A0012F5B5 /* ViewController */,
				4AA91E412C02AA6C00B6F2FD /* TableView */,
				4AA91E442C02AAC700B6F2FD /* TableViewCell */,
				4A8B83C62C02692600F417F9 /* ValidatorFactory.swift */,
				4AF49D532C03722A0037FF98 /* ScallableView.swift */,
				4AB56E612C00B9140012F5B5 /* Coordinator.swift */,
				4AB56E942C00EE2D0012F5B5 /* Closures.swift */,
			);
			path = Utils;
			sourceTree = "<group>";
		};
		4AB56E632C00B9250012F5B5 /* Flows */ = {
			isa = PBXGroup;
			children = (
				4AB56E642C00B9370012F5B5 /* AppCoordinator.swift */,
				4AB56E692C00B9E50012F5B5 /* Splash */,
				4AB56E6A2C00B9F00012F5B5 /* Login */,
				4AB56E6B2C00B9F90012F5B5 /* Dashboard */,
			);
			path = Flows;
			sourceTree = "<group>";
		};
		4AB56E662C00B9790012F5B5 /* Networking */ = {
			isa = PBXGroup;
			children = (
				4A8B83BC2C01FE5200F417F9 /* Services */,
				4AB56EA12C0103E30012F5B5 /* APIModels */,
				4AB56EA02C0103DA0012F5B5 /* NetworkModels */,
				4A8B83BA2C01FD7F00F417F9 /* NetworkManager.swift */,
				4A8B83B82C01FC1D00F417F9 /* NetworkRequest.swift */,
				4A8B83AE2C01F28200F417F9 /* Paths.swift */,
				4A8B83B02C01F80900F417F9 /* Parser.swift */,
			);
			path = Networking;
			sourceTree = "<group>";
		};
		4AB56E692C00B9E50012F5B5 /* Splash */ = {
			isa = PBXGroup;
			children = (
				4AB56EA42C010BF50012F5B5 /* SplashBehaviour.swift */,
				4AB56E6C2C00BA260012F5B5 /* SplashViewController.swift */,
				4AB56E6D2C00BA260012F5B5 /* SplashViewController.xib */,
			);
			path = Splash;
			sourceTree = "<group>";
		};
		4AB56E6A2C00B9F00012F5B5 /* Login */ = {
			isa = PBXGroup;
			children = (
				4AF49D492C036AD10037FF98 /* Form */,
				4AB56E962C00EEDE0012F5B5 /* LoginResolver.swift */,
				4AB56E8F2C00C0800012F5B5 /* LoginState.swift */,
				4AB56E8D2C00C0710012F5B5 /* LoginBehaviour.swift */,
				4AB56E702C00BA300012F5B5 /* LoginViewController.swift */,
				4AB56E712C00BA300012F5B5 /* LoginViewController.xib */,
			);
			path = Login;
			sourceTree = "<group>";
		};
		4AB56E6B2C00B9F90012F5B5 /* Dashboard */ = {
			isa = PBXGroup;
			children = (
				4A8B83DF2C02838300F417F9 /* TabViewController.swift */,
				4AA0D96C2C01E43100104B29 /* Organization */,
				4AA0D9602C01E24700104B29 /* UsedDays */,
				4A8B83E92C02881800F417F9 /* MyInfo */,
			);
			path = Dashboard;
			sourceTree = "<group>";
		};
		4AB56E742C00BA6A0012F5B5 /* ViewController */ = {
			isa = PBXGroup;
			children = (
				4AB56E752C00BA7F0012F5B5 /* ViewController+Instance.swift */,
			);
			path = ViewController;
			sourceTree = "<group>";
		};
		4AB56E7E2C00BE500012F5B5 /* EagleAssignmentTests */ = {
			isa = PBXGroup;
			children = (
				4AB56E862C00BE550012F5B5 /* Flows */,
				4A8B83C82C026A5500F417F9 /* UnitTests */,
				4A8B83E52C02875F00F417F9 /* Resources */,
				4AB56E9E2C0102A10012F5B5 /* TestConstants.swift */,
			);
			path = EagleAssignmentTests;
			sourceTree = "<group>";
		};
		4AB56E862C00BE550012F5B5 /* Flows */ = {
			isa = PBXGroup;
			children = (
				4AB56EA22C0104AB0012F5B5 /* SplashBehaviourTests.swift */,
				4AB56E892C00BF000012F5B5 /* LoginBehaviourTests.swift */,
				4AB56EA72C010D7E0012F5B5 /* UsedDaysBehaviourTests.swift */,
				4AA0D96A2C01E32900104B29 /* OrganizationBehaviourTests.swift */,
			);
			path = Flows;
			sourceTree = "<group>";
		};
		4AB56EA02C0103DA0012F5B5 /* NetworkModels */ = {
			isa = PBXGroup;
			children = (
				4AB56E9B2C01011E0012F5B5 /* APIError.swift */,
				4A8B83B22C01F83700F417F9 /* APIResponse.swift */,
			);
			path = NetworkModels;
			sourceTree = "<group>";
		};
		4AB56EA12C0103E30012F5B5 /* APIModels */ = {
			isa = PBXGroup;
			children = (
				4A8B83B62C01F8E300F417F9 /* AccessToken.swift */,
				4AB56E672C00B98E0012F5B5 /* User.swift */,
				4A8B83C32C023EDC00F417F9 /* Days.swift */,
				4AF49D2B2C0329D10037FF98 /* Organization.swift */,
			);
			path = APIModels;
			sourceTree = "<group>";
		};
		4AF49D2D2C03306E0037FF98 /* List */ = {
			isa = PBXGroup;
			children = (
				4AF49D2E2C03307B0037FF98 /* UsedDaysListView.swift */,
				4AF49D302C0330830037FF98 /* UsedDaysListView.xib */,
			);
			path = List;
			sourceTree = "<group>";
		};
		4AF49D322C0330AA0037FF98 /* Info */ = {
			isa = PBXGroup;
			children = (
				4AF49D332C0330BB0037FF98 /* InfoCardView.swift */,
				4AF49D352C0330CD0037FF98 /* InfoCardView.xib */,
			);
			path = Info;
			sourceTree = "<group>";
		};
		4AF49D392C03380B0037FF98 /* Adapter */ = {
			isa = PBXGroup;
			children = (
				4AF49D3A2C0338160037FF98 /* UsedDaysAdapter.swift */,
			);
			path = Adapter;
			sourceTree = "<group>";
		};
		4AF49D412C0345D30037FF98 /* Inputs */ = {
			isa = PBXGroup;
			children = (
				4AF49D422C034C490037FF98 /* InputFieldView.swift */,
				4AF49D442C034C520037FF98 /* InputFieldView.xib */,
			);
			path = Inputs;
			sourceTree = "<group>";
		};
		4AF49D492C036AD10037FF98 /* Form */ = {
			isa = PBXGroup;
			children = (
				4AF49D4A2C036ADC0037FF98 /* LoginFormView.swift */,
				4AF49D4C2C036AEB0037FF98 /* LoginFormView.xib */,
			);
			path = Form;
			sourceTree = "<group>";
		};
		4AF49D4E2C0370FB0037FF98 /* Buttons */ = {
			isa = PBXGroup;
			children = (
				4AF49D4F2C03710B0037FF98 /* CTAView.swift */,
				4AF49D512C0371180037FF98 /* CTAView.xib */,
			);
			path = Buttons;
			sourceTree = "<group>";
		};
		9B9DAACCC5D2841AF3A14F0A /* Frameworks */ = {
			isa = PBXGroup;
			children = (
				CF52BA0BCFCE6B90407B6A85 /* Pods_EagleAssignment.framework */,
				BB52F25C364BF4E60DCD5CB6 /* Pods_EagleAssignmentTests.framework */,
			);
			name = Frameworks;
			sourceTree = "<group>";
		};
		D99121DCA7B0D38B2EA9C73E /* Pods */ = {
			isa = PBXGroup;
			children = (
				55523F5CB1D2142721E0978A /* Pods-EagleAssignment.debug.xcconfig */,
				51C769F7343B73DB82A8B83F /* Pods-EagleAssignment.release.xcconfig */,
				7CE2D6A4CF583446CABDAB0D /* Pods-EagleAssignmentTests.debug.xcconfig */,
				3C83DB5CB4A030F9B3260976 /* Pods-EagleAssignmentTests.release.xcconfig */,
			);
			path = Pods;
			sourceTree = "<group>";
		};
/* End PBXGroup section */

/* Begin PBXNativeTarget section */
		4AA5A1562C00B67B003F6852 /* EagleAssignment */ = {
			isa = PBXNativeTarget;
			buildConfigurationList = 4AA5A16B2C00B67C003F6852 /* Build configuration list for PBXNativeTarget "EagleAssignment" */;
			buildPhases = (
				8EC615E900BD9F4AFCE48D20 /* [CP] Check Pods Manifest.lock */,
				4AA5A1532C00B67B003F6852 /* Sources */,
				4AA5A1542C00B67B003F6852 /* Frameworks */,
				4AA5A1552C00B67B003F6852 /* Resources */,
				5870AEA6E62E57564EEEE074 /* [CP] Embed Pods Frameworks */,
			);
			buildRules = (
			);
			dependencies = (
			);
			name = EagleAssignment;
			productName = EagleAssignment;
			productReference = 4AA5A1572C00B67B003F6852 /* EagleAssignment.app */;
			productType = "com.apple.product-type.application";
		};
		4AB56E7C2C00BE500012F5B5 /* EagleAssignmentTests */ = {
			isa = PBXNativeTarget;
			buildConfigurationList = 4AB56E852C00BE500012F5B5 /* Build configuration list for PBXNativeTarget "EagleAssignmentTests" */;
			buildPhases = (
				7FD8E81C9ACBBA41E0E29A2E /* [CP] Check Pods Manifest.lock */,
				4AB56E792C00BE500012F5B5 /* Sources */,
				4AB56E7A2C00BE500012F5B5 /* Frameworks */,
				4AB56E7B2C00BE500012F5B5 /* Resources */,
			);
			buildRules = (
			);
			dependencies = (
				4AB56E822C00BE500012F5B5 /* PBXTargetDependency */,
			);
			name = EagleAssignmentTests;
			productName = EagleAssignmentTests;
			productReference = 4AB56E7D2C00BE500012F5B5 /* EagleAssignmentTests.xctest */;
			productType = "com.apple.product-type.bundle.unit-test";
		};
/* End PBXNativeTarget section */

/* Begin PBXProject section */
		4AA5A14F2C00B67B003F6852 /* Project object */ = {
			isa = PBXProject;
			attributes = {
				BuildIndependentTargetsInParallel = 1;
				LastSwiftUpdateCheck = 1520;
				LastUpgradeCheck = 1520;
				TargetAttributes = {
					4AA5A1562C00B67B003F6852 = {
						CreatedOnToolsVersion = 15.2;
					};
					4AB56E7C2C00BE500012F5B5 = {
						CreatedOnToolsVersion = 15.2;
						LastSwiftMigration = 1520;
						TestTargetID = 4AA5A1562C00B67B003F6852;
					};
				};
			};
			buildConfigurationList = 4AA5A1522C00B67B003F6852 /* Build configuration list for PBXProject "EagleAssignment" */;
			compatibilityVersion = "Xcode 14.0";
			developmentRegion = en;
			hasScannedForEncodings = 0;
			knownRegions = (
				en,
				Base,
			);
			mainGroup = 4AA5A14E2C00B67B003F6852;
			productRefGroup = 4AA5A1582C00B67B003F6852 /* Products */;
			projectDirPath = "";
			projectRoot = "";
			targets = (
				4AA5A1562C00B67B003F6852 /* EagleAssignment */,
				4AB56E7C2C00BE500012F5B5 /* EagleAssignmentTests */,
			);
		};
/* End PBXProject section */

/* Begin PBXResourcesBuildPhase section */
		4AA5A1552C00B67B003F6852 /* Resources */ = {
			isa = PBXResourcesBuildPhase;
			buildActionMask = 2147483647;
			files = (
				4AB56E732C00BA300012F5B5 /* LoginViewController.xib in Resources */,
				4AA91E3A2C02A7BC00B6F2FD /* EmployeeTableViewCell.xib in Resources */,
				4AA5A1672C00B67C003F6852 /* LaunchScreen.storyboard in Resources */,
				4AA91E352C02A6AA00B6F2FD /* OrganizationListView.xib in Resources */,
				4AF49D362C0330CD0037FF98 /* InfoCardView.xib in Resources */,
				4AF49D522C0371180037FF98 /* CTAView.xib in Resources */,
				4A8B83F92C029DD000F417F9 /* EmployeeCardView.xib in Resources */,
				4AF49D4D2C036AEB0037FF98 /* LoginFormView.xib in Resources */,
				4AB56E6F2C00BA260012F5B5 /* SplashViewController.xib in Resources */,
				4AF49D452C034C530037FF98 /* InputFieldView.xib in Resources */,
				4A8B83ED2C02884000F417F9 /* MyInfoViewController.xib in Resources */,
				4A8B83DE2C027F9E00F417F9 /* OrganizationViewController.xib in Resources */,
				4AA5A1642C00B67C003F6852 /* Assets.xcassets in Resources */,
				4AF49D312C0330830037FF98 /* UsedDaysListView.xib in Resources */,
				4A8B83DA2C0275C400F417F9 /* UsedDaysViewController.xib in Resources */,
			);
			runOnlyForDeploymentPostprocessing = 0;
		};
		4AB56E7B2C00BE500012F5B5 /* Resources */ = {
			isa = PBXResourcesBuildPhase;
			buildActionMask = 2147483647;
			files = (
				4AA91E302C02A46C00B6F2FD /* EmployeeCardView.xib in Resources */,
			);
			runOnlyForDeploymentPostprocessing = 0;
		};
/* End PBXResourcesBuildPhase section */

/* Begin PBXShellScriptBuildPhase section */
		5870AEA6E62E57564EEEE074 /* [CP] Embed Pods Frameworks */ = {
			isa = PBXShellScriptBuildPhase;
			buildActionMask = 2147483647;
			files = (
			);
			inputFileListPaths = (
				"${PODS_ROOT}/Target Support Files/Pods-EagleAssignment/Pods-EagleAssignment-frameworks-${CONFIGURATION}-input-files.xcfilelist",
			);
			name = "[CP] Embed Pods Frameworks";
			outputFileListPaths = (
				"${PODS_ROOT}/Target Support Files/Pods-EagleAssignment/Pods-EagleAssignment-frameworks-${CONFIGURATION}-output-files.xcfilelist",
			);
			runOnlyForDeploymentPostprocessing = 0;
			shellPath = /bin/sh;
			shellScript = "\"${PODS_ROOT}/Target Support Files/Pods-EagleAssignment/Pods-EagleAssignment-frameworks.sh\"\n";
			showEnvVarsInLog = 0;
		};
		7FD8E81C9ACBBA41E0E29A2E /* [CP] Check Pods Manifest.lock */ = {
			isa = PBXShellScriptBuildPhase;
			buildActionMask = 2147483647;
			files = (
			);
			inputFileListPaths = (
			);
			inputPaths = (
				"${PODS_PODFILE_DIR_PATH}/Podfile.lock",
				"${PODS_ROOT}/Manifest.lock",
			);
			name = "[CP] Check Pods Manifest.lock";
			outputFileListPaths = (
			);
			outputPaths = (
				"$(DERIVED_FILE_DIR)/Pods-EagleAssignmentTests-checkManifestLockResult.txt",
			);
			runOnlyForDeploymentPostprocessing = 0;
			shellPath = /bin/sh;
			shellScript = "diff \"${PODS_PODFILE_DIR_PATH}/Podfile.lock\" \"${PODS_ROOT}/Manifest.lock\" > /dev/null\nif [ $? != 0 ] ; then\n    # print error to STDERR\n    echo \"error: The sandbox is not in sync with the Podfile.lock. Run 'pod install' or update your CocoaPods installation.\" >&2\n    exit 1\nfi\n# This output is used by Xcode 'outputs' to avoid re-running this script phase.\necho \"SUCCESS\" > \"${SCRIPT_OUTPUT_FILE_0}\"\n";
			showEnvVarsInLog = 0;
		};
		8EC615E900BD9F4AFCE48D20 /* [CP] Check Pods Manifest.lock */ = {
			isa = PBXShellScriptBuildPhase;
			buildActionMask = 2147483647;
			files = (
			);
			inputFileListPaths = (
			);
			inputPaths = (
				"${PODS_PODFILE_DIR_PATH}/Podfile.lock",
				"${PODS_ROOT}/Manifest.lock",
			);
			name = "[CP] Check Pods Manifest.lock";
			outputFileListPaths = (
			);
			outputPaths = (
				"$(DERIVED_FILE_DIR)/Pods-EagleAssignment-checkManifestLockResult.txt",
			);
			runOnlyForDeploymentPostprocessing = 0;
			shellPath = /bin/sh;
			shellScript = "diff \"${PODS_PODFILE_DIR_PATH}/Podfile.lock\" \"${PODS_ROOT}/Manifest.lock\" > /dev/null\nif [ $? != 0 ] ; then\n    # print error to STDERR\n    echo \"error: The sandbox is not in sync with the Podfile.lock. Run 'pod install' or update your CocoaPods installation.\" >&2\n    exit 1\nfi\n# This output is used by Xcode 'outputs' to avoid re-running this script phase.\necho \"SUCCESS\" > \"${SCRIPT_OUTPUT_FILE_0}\"\n";
			showEnvVarsInLog = 0;
		};
/* End PBXShellScriptBuildPhase section */

/* Begin PBXSourcesBuildPhase section */
		4AA5A1532C00B67B003F6852 /* Sources */ = {
			isa = PBXSourcesBuildPhase;
			buildActionMask = 2147483647;
			files = (
				4AF49D3B2C0338160037FF98 /* UsedDaysAdapter.swift in Sources */,
				4AF49D342C0330BB0037FF98 /* InfoCardView.swift in Sources */,
				4A8B83BE2C01FE7400F417F9 /* UserService.swift in Sources */,
				4A8B83BB2C01FD7F00F417F9 /* NetworkManager.swift in Sources */,
				4A8B83B92C01FC1D00F417F9 /* NetworkRequest.swift in Sources */,
				4A8B83AF2C01F28200F417F9 /* Paths.swift in Sources */,
				4AB56E722C00BA300012F5B5 /* LoginViewController.swift in Sources */,
				4AA91E402C02A9C400B6F2FD /* View+Fill.swift in Sources */,
				4AA91E482C02AB2E00B6F2FD /* TableView+Dequeue.swift in Sources */,
				4AF49D2F2C03307B0037FF98 /* UsedDaysListView.swift in Sources */,
				4AA91E432C02AA7900B6F2FD /* TableView+RegisterCell.swift in Sources */,
				4AF49D502C03710B0037FF98 /* CTAView.swift in Sources */,
				4AA91E3D2C02A82400B6F2FD /* View+Instance.swift in Sources */,
				4AA0D9652C01E27A00104B29 /* UsedDaysState.swift in Sources */,
				4AA0D96E2C01E44100104B29 /* OrganizationState.swift in Sources */,
				4A8B83E42C02864C00F417F9 /* Images.swift in Sources */,
				4A8B83DD2C027F9E00F417F9 /* OrganizationViewController.swift in Sources */,
				4AB56E972C00EEDE0012F5B5 /* LoginResolver.swift in Sources */,
				4AF49D542C03722A0037FF98 /* ScallableView.swift in Sources */,
				4AB56E8E2C00C0710012F5B5 /* LoginBehaviour.swift in Sources */,
				4A8B83C22C023C9A00F417F9 /* AuthenticationService.swift in Sources */,
				4AB56E682C00B98E0012F5B5 /* User.swift in Sources */,
				4A8B83E22C0285D200F417F9 /* Strings.swift in Sources */,
				4AA91E392C02A7BC00B6F2FD /* EmployeeTableViewCell.swift in Sources */,
				4A8B83E02C02838300F417F9 /* TabViewController.swift in Sources */,
				4A8B83B32C01F83700F417F9 /* APIResponse.swift in Sources */,
				4AA0D9622C01E25500104B29 /* UsedDaysBehaviour.swift in Sources */,
				4AB56E652C00B9370012F5B5 /* AppCoordinator.swift in Sources */,
				4AB56E622C00B9140012F5B5 /* Coordinator.swift in Sources */,
				4AF49D2C2C0329D10037FF98 /* Organization.swift in Sources */,
				4AA0D9712C01E45F00104B29 /* OrganizationBehaviour.swift in Sources */,
				4A8B83C42C023EDC00F417F9 /* Days.swift in Sources */,
				4AB56E902C00C0800012F5B5 /* LoginState.swift in Sources */,
				4AA91E282C02A22200B6F2FD /* OrganizationAdapter.swift in Sources */,
				4A8B83B12C01F80900F417F9 /* Parser.swift in Sources */,
				4A8B83B72C01F8E300F417F9 /* AccessToken.swift in Sources */,
				4AB56E762C00BA7F0012F5B5 /* ViewController+Instance.swift in Sources */,
				4AB56EA52C010BF50012F5B5 /* SplashBehaviour.swift in Sources */,
				4AA5A15B2C00B67B003F6852 /* AppDelegate.swift in Sources */,
				4AB56E6E2C00BA260012F5B5 /* SplashViewController.swift in Sources */,
				4AF49D432C034C490037FF98 /* InputFieldView.swift in Sources */,
				4A8B83D92C0275C400F417F9 /* UsedDaysViewController.swift in Sources */,
				4AA0D9742C01E47E00104B29 /* OrganizationResolver.swift in Sources */,
				4AB56E952C00EE2D0012F5B5 /* Closures.swift in Sources */,
				4AA91E462C02AADC00B6F2FD /* TableViewCell+Identifier.swift in Sources */,
				4AA91E332C02A69F00B6F2FD /* OrganizationListView.swift in Sources */,
				4AF49D4B2C036ADC0037FF98 /* LoginFormView.swift in Sources */,
				4AA0D9672C01E28D00104B29 /* UsedDaysResolver.swift in Sources */,
				4AB56E9C2C01011E0012F5B5 /* APIError.swift in Sources */,
				4A8B83F72C029DB500F417F9 /* EmployeeCardView.swift in Sources */,
				4A8B83EC2C02884000F417F9 /* MyInfoViewController.swift in Sources */,
				4A8B83C72C02692600F417F9 /* ValidatorFactory.swift in Sources */,
			);
			runOnlyForDeploymentPostprocessing = 0;
		};
		4AB56E792C00BE500012F5B5 /* Sources */ = {
			isa = PBXSourcesBuildPhase;
			buildActionMask = 2147483647;
			files = (
				4AA0D96B2C01E32900104B29 /* OrganizationBehaviourTests.swift in Sources */,
				4AB56EA62C010C050012F5B5 /* SplashBehaviour.swift in Sources */,
				4AF49D402C0343EE0037FF98 /* Strings.swift in Sources */,
				4AA0D9692C01E2A600104B29 /* UsedDaysState.swift in Sources */,
				4AA0D9722C01E45F00104B29 /* OrganizationBehaviour.swift in Sources */,
				4AA91E2F2C02A46700B6F2FD /* EmployeeCardView.swift in Sources */,
				4A8B83CD2C026AA900F417F9 /* Paths.swift in Sources */,
				4A8B83CA2C026A7000F417F9 /* ValidatorTests.swift in Sources */,
				4AA0D9752C01E47E00104B29 /* OrganizationResolver.swift in Sources */,
				4AA0D9632C01E25800104B29 /* UsedDaysBehaviour.swift in Sources */,
				4AB56E8A2C00BF000012F5B5 /* LoginBehaviourTests.swift in Sources */,
				4AB56E922C00C0B20012F5B5 /* LoginBehaviour.swift in Sources */,
				4AA0D9682C01E2A000104B29 /* UsedDaysResolver.swift in Sources */,
				4AB56E912C00C0B00012F5B5 /* LoginState.swift in Sources */,
				4A8B83CF2C026ABE00F417F9 /* NetworkManager.swift in Sources */,
				4A8B83D42C026C8300F417F9 /* ValidatorFactory.swift in Sources */,
				4AA0D96F2C01E44100104B29 /* OrganizationState.swift in Sources */,
				4AB56E9F2C0102A10012F5B5 /* TestConstants.swift in Sources */,
				4AB56E992C00FF4D0012F5B5 /* User.swift in Sources */,
				4A8B83CE2C026ABB00F417F9 /* NetworkRequest.swift in Sources */,
				4AA91E2D2C02A3AB00B6F2FD /* OrganizationAdapterTests.swift in Sources */,
				4A8B83D02C026B1000F417F9 /* Parser.swift in Sources */,
				4A8B83E82C02878500F417F9 /* Images.swift in Sources */,
				4A8B83CC2C026A9800F417F9 /* AccessToken.swift in Sources */,
				4AB56E982C00EEFA0012F5B5 /* LoginResolver.swift in Sources */,
				4AF49D3D2C03435D0037FF98 /* InfoCardView.swift in Sources */,
				4A8B83D12C026B2700F417F9 /* Days.swift in Sources */,
				4AB56EA82C010D7E0012F5B5 /* UsedDaysBehaviourTests.swift in Sources */,
				4AF49D3F2C0343D70037FF98 /* Organization.swift in Sources */,
				4AF49D3C2C0338160037FF98 /* UsedDaysAdapter.swift in Sources */,
				4AA91E2E2C02A44F00B6F2FD /* OrganizationAdapter.swift in Sources */,
				4AF49D382C0337F70037FF98 /* UsedDaysAdapterTests.swift in Sources */,
				4AB56E9A2C00FFA10012F5B5 /* Closures.swift in Sources */,
				4AF49D3E2C0343C90037FF98 /* UserService.swift in Sources */,
				4A8B83E72C02878100F417F9 /* ImageTests.swift in Sources */,
				4AB56EA32C0104AB0012F5B5 /* SplashBehaviourTests.swift in Sources */,
				4AB56E9D2C01011E0012F5B5 /* APIError.swift in Sources */,
				4A8B83CB2C026A8800F417F9 /* AuthenticationService.swift in Sources */,
				4A8B83D22C026B2C00F417F9 /* APIResponse.swift in Sources */,
			);
			runOnlyForDeploymentPostprocessing = 0;
		};
/* End PBXSourcesBuildPhase section */

/* Begin PBXTargetDependency section */
		4AB56E822C00BE500012F5B5 /* PBXTargetDependency */ = {
			isa = PBXTargetDependency;
			target = 4AA5A1562C00B67B003F6852 /* EagleAssignment */;
			targetProxy = 4AB56E812C00BE500012F5B5 /* PBXContainerItemProxy */;
		};
/* End PBXTargetDependency section */

/* Begin PBXVariantGroup section */
		4AA5A1652C00B67C003F6852 /* LaunchScreen.storyboard */ = {
			isa = PBXVariantGroup;
			children = (
				4AA5A1662C00B67C003F6852 /* Base */,
			);
			name = LaunchScreen.storyboard;
			sourceTree = "<group>";
		};
/* End PBXVariantGroup section */

/* Begin XCBuildConfiguration section */
		4AA5A1692C00B67C003F6852 /* Debug */ = {
			isa = XCBuildConfiguration;
			buildSettings = {
				ALWAYS_SEARCH_USER_PATHS = NO;
				ASSETCATALOG_COMPILER_GENERATE_SWIFT_ASSET_SYMBOL_EXTENSIONS = YES;
				CLANG_ANALYZER_NONNULL = YES;
				CLANG_ANALYZER_NUMBER_OBJECT_CONVERSION = YES_AGGRESSIVE;
				CLANG_CXX_LANGUAGE_STANDARD = "gnu++20";
				CLANG_ENABLE_MODULES = YES;
				CLANG_ENABLE_OBJC_ARC = YES;
				CLANG_ENABLE_OBJC_WEAK = YES;
				CLANG_WARN_BLOCK_CAPTURE_AUTORELEASING = YES;
				CLANG_WARN_BOOL_CONVERSION = YES;
				CLANG_WARN_COMMA = YES;
				CLANG_WARN_CONSTANT_CONVERSION = YES;
				CLANG_WARN_DEPRECATED_OBJC_IMPLEMENTATIONS = YES;
				CLANG_WARN_DIRECT_OBJC_ISA_USAGE = YES_ERROR;
				CLANG_WARN_DOCUMENTATION_COMMENTS = YES;
				CLANG_WARN_EMPTY_BODY = YES;
				CLANG_WARN_ENUM_CONVERSION = YES;
				CLANG_WARN_INFINITE_RECURSION = YES;
				CLANG_WARN_INT_CONVERSION = YES;
				CLANG_WARN_NON_LITERAL_NULL_CONVERSION = YES;
				CLANG_WARN_OBJC_IMPLICIT_RETAIN_SELF = YES;
				CLANG_WARN_OBJC_LITERAL_CONVERSION = YES;
				CLANG_WARN_OBJC_ROOT_CLASS = YES_ERROR;
				CLANG_WARN_QUOTED_INCLUDE_IN_FRAMEWORK_HEADER = YES;
				CLANG_WARN_RANGE_LOOP_ANALYSIS = YES;
				CLANG_WARN_STRICT_PROTOTYPES = YES;
				CLANG_WARN_SUSPICIOUS_MOVE = YES;
				CLANG_WARN_UNGUARDED_AVAILABILITY = YES_AGGRESSIVE;
				CLANG_WARN_UNREACHABLE_CODE = YES;
				CLANG_WARN__DUPLICATE_METHOD_MATCH = YES;
				COPY_PHASE_STRIP = NO;
				DEBUG_INFORMATION_FORMAT = dwarf;
				ENABLE_STRICT_OBJC_MSGSEND = YES;
				ENABLE_TESTABILITY = YES;
				ENABLE_USER_SCRIPT_SANDBOXING = YES;
				GCC_C_LANGUAGE_STANDARD = gnu17;
				GCC_DYNAMIC_NO_PIC = NO;
				GCC_NO_COMMON_BLOCKS = YES;
				GCC_OPTIMIZATION_LEVEL = 0;
				GCC_PREPROCESSOR_DEFINITIONS = (
					"DEBUG=1",
					"$(inherited)",
				);
				GCC_WARN_64_TO_32_BIT_CONVERSION = YES;
				GCC_WARN_ABOUT_RETURN_TYPE = YES_ERROR;
				GCC_WARN_UNDECLARED_SELECTOR = YES;
				GCC_WARN_UNINITIALIZED_AUTOS = YES_AGGRESSIVE;
				GCC_WARN_UNUSED_FUNCTION = YES;
				GCC_WARN_UNUSED_VARIABLE = YES;
				IPHONEOS_DEPLOYMENT_TARGET = 14.0;
				LOCALIZATION_PREFERS_STRING_CATALOGS = YES;
				MTL_ENABLE_DEBUG_INFO = INCLUDE_SOURCE;
				MTL_FAST_MATH = YES;
				ONLY_ACTIVE_ARCH = YES;
				SDKROOT = iphoneos;
				SWIFT_ACTIVE_COMPILATION_CONDITIONS = "DEBUG $(inherited)";
				SWIFT_OPTIMIZATION_LEVEL = "-Onone";
			};
			name = Debug;
		};
		4AA5A16A2C00B67C003F6852 /* Release */ = {
			isa = XCBuildConfiguration;
			buildSettings = {
				ALWAYS_SEARCH_USER_PATHS = NO;
				ASSETCATALOG_COMPILER_GENERATE_SWIFT_ASSET_SYMBOL_EXTENSIONS = YES;
				CLANG_ANALYZER_NONNULL = YES;
				CLANG_ANALYZER_NUMBER_OBJECT_CONVERSION = YES_AGGRESSIVE;
				CLANG_CXX_LANGUAGE_STANDARD = "gnu++20";
				CLANG_ENABLE_MODULES = YES;
				CLANG_ENABLE_OBJC_ARC = YES;
				CLANG_ENABLE_OBJC_WEAK = YES;
				CLANG_WARN_BLOCK_CAPTURE_AUTORELEASING = YES;
				CLANG_WARN_BOOL_CONVERSION = YES;
				CLANG_WARN_COMMA = YES;
				CLANG_WARN_CONSTANT_CONVERSION = YES;
				CLANG_WARN_DEPRECATED_OBJC_IMPLEMENTATIONS = YES;
				CLANG_WARN_DIRECT_OBJC_ISA_USAGE = YES_ERROR;
				CLANG_WARN_DOCUMENTATION_COMMENTS = YES;
				CLANG_WARN_EMPTY_BODY = YES;
				CLANG_WARN_ENUM_CONVERSION = YES;
				CLANG_WARN_INFINITE_RECURSION = YES;
				CLANG_WARN_INT_CONVERSION = YES;
				CLANG_WARN_NON_LITERAL_NULL_CONVERSION = YES;
				CLANG_WARN_OBJC_IMPLICIT_RETAIN_SELF = YES;
				CLANG_WARN_OBJC_LITERAL_CONVERSION = YES;
				CLANG_WARN_OBJC_ROOT_CLASS = YES_ERROR;
				CLANG_WARN_QUOTED_INCLUDE_IN_FRAMEWORK_HEADER = YES;
				CLANG_WARN_RANGE_LOOP_ANALYSIS = YES;
				CLANG_WARN_STRICT_PROTOTYPES = YES;
				CLANG_WARN_SUSPICIOUS_MOVE = YES;
				CLANG_WARN_UNGUARDED_AVAILABILITY = YES_AGGRESSIVE;
				CLANG_WARN_UNREACHABLE_CODE = YES;
				CLANG_WARN__DUPLICATE_METHOD_MATCH = YES;
				COPY_PHASE_STRIP = NO;
				DEBUG_INFORMATION_FORMAT = "dwarf-with-dsym";
				ENABLE_NS_ASSERTIONS = NO;
				ENABLE_STRICT_OBJC_MSGSEND = YES;
				ENABLE_USER_SCRIPT_SANDBOXING = YES;
				GCC_C_LANGUAGE_STANDARD = gnu17;
				GCC_NO_COMMON_BLOCKS = YES;
				GCC_WARN_64_TO_32_BIT_CONVERSION = YES;
				GCC_WARN_ABOUT_RETURN_TYPE = YES_ERROR;
				GCC_WARN_UNDECLARED_SELECTOR = YES;
				GCC_WARN_UNINITIALIZED_AUTOS = YES_AGGRESSIVE;
				GCC_WARN_UNUSED_FUNCTION = YES;
				GCC_WARN_UNUSED_VARIABLE = YES;
				IPHONEOS_DEPLOYMENT_TARGET = 14.0;
				LOCALIZATION_PREFERS_STRING_CATALOGS = YES;
				MTL_ENABLE_DEBUG_INFO = NO;
				MTL_FAST_MATH = YES;
				SDKROOT = iphoneos;
				SWIFT_COMPILATION_MODE = wholemodule;
				VALIDATE_PRODUCT = YES;
			};
			name = Release;
		};
		4AA5A16C2C00B67C003F6852 /* Debug */ = {
			isa = XCBuildConfiguration;
			baseConfigurationReference = 55523F5CB1D2142721E0978A /* Pods-EagleAssignment.debug.xcconfig */;
			buildSettings = {
				ASSETCATALOG_COMPILER_APPICON_NAME = AppIcon;
				ASSETCATALOG_COMPILER_GLOBAL_ACCENT_COLOR_NAME = AccentColor;
				CODE_SIGN_STYLE = Automatic;
				CURRENT_PROJECT_VERSION = 1;
				DEVELOPMENT_TEAM = RCJBKN2QXT;
				ENABLE_USER_SCRIPT_SANDBOXING = NO;
				GENERATE_INFOPLIST_FILE = YES;
				INFOPLIST_FILE = EagleAssignment/Info.plist;
				INFOPLIST_KEY_UIApplicationSupportsIndirectInputEvents = YES;
				INFOPLIST_KEY_UILaunchStoryboardName = LaunchScreen;
				INFOPLIST_KEY_UIMainStoryboardFile = "";
				INFOPLIST_KEY_UISupportedInterfaceOrientations = UIInterfaceOrientationPortrait;
				INFOPLIST_KEY_UISupportedInterfaceOrientations_iPad = "UIInterfaceOrientationLandscapeLeft UIInterfaceOrientationLandscapeRight UIInterfaceOrientationPortrait UIInterfaceOrientationPortraitUpsideDown";
				LD_RUNPATH_SEARCH_PATHS = (
					"$(inherited)",
					"@executable_path/Frameworks",
				);
				MARKETING_VERSION = 1.0;
				PRODUCT_BUNDLE_IDENTIFIER = com.markobozilovic.EagleAssignment;
				PRODUCT_NAME = "$(TARGET_NAME)";
				SUPPORTED_PLATFORMS = "iphoneos iphonesimulator";
				SUPPORTS_MACCATALYST = NO;
				SUPPORTS_MAC_DESIGNED_FOR_IPHONE_IPAD = NO;
				SUPPORTS_XR_DESIGNED_FOR_IPHONE_IPAD = NO;
				SWIFT_EMIT_LOC_STRINGS = YES;
				SWIFT_VERSION = 5.0;
				TARGETED_DEVICE_FAMILY = 1;
			};
			name = Debug;
		};
		4AA5A16D2C00B67C003F6852 /* Release */ = {
			isa = XCBuildConfiguration;
			baseConfigurationReference = 51C769F7343B73DB82A8B83F /* Pods-EagleAssignment.release.xcconfig */;
			buildSettings = {
				ASSETCATALOG_COMPILER_APPICON_NAME = AppIcon;
				ASSETCATALOG_COMPILER_GLOBAL_ACCENT_COLOR_NAME = AccentColor;
				CODE_SIGN_STYLE = Automatic;
				CURRENT_PROJECT_VERSION = 1;
				DEVELOPMENT_TEAM = RCJBKN2QXT;
				ENABLE_USER_SCRIPT_SANDBOXING = NO;
				GENERATE_INFOPLIST_FILE = YES;
				INFOPLIST_FILE = EagleAssignment/Info.plist;
				INFOPLIST_KEY_UIApplicationSupportsIndirectInputEvents = YES;
				INFOPLIST_KEY_UILaunchStoryboardName = LaunchScreen;
				INFOPLIST_KEY_UIMainStoryboardFile = "";
				INFOPLIST_KEY_UISupportedInterfaceOrientations = UIInterfaceOrientationPortrait;
				INFOPLIST_KEY_UISupportedInterfaceOrientations_iPad = "UIInterfaceOrientationLandscapeLeft UIInterfaceOrientationLandscapeRight UIInterfaceOrientationPortrait UIInterfaceOrientationPortraitUpsideDown";
				LD_RUNPATH_SEARCH_PATHS = (
					"$(inherited)",
					"@executable_path/Frameworks",
				);
				MARKETING_VERSION = 1.0;
				PRODUCT_BUNDLE_IDENTIFIER = com.markobozilovic.EagleAssignment;
				PRODUCT_NAME = "$(TARGET_NAME)";
				SUPPORTED_PLATFORMS = "iphoneos iphonesimulator";
				SUPPORTS_MACCATALYST = NO;
				SUPPORTS_MAC_DESIGNED_FOR_IPHONE_IPAD = NO;
				SUPPORTS_XR_DESIGNED_FOR_IPHONE_IPAD = NO;
				SWIFT_EMIT_LOC_STRINGS = YES;
				SWIFT_VERSION = 5.0;
				TARGETED_DEVICE_FAMILY = 1;
			};
			name = Release;
		};
		4AB56E832C00BE500012F5B5 /* Debug */ = {
			isa = XCBuildConfiguration;
			baseConfigurationReference = 7CE2D6A4CF583446CABDAB0D /* Pods-EagleAssignmentTests.debug.xcconfig */;
			buildSettings = {
				BUNDLE_LOADER = "$(TEST_HOST)";
				CLANG_ENABLE_MODULES = YES;
				CODE_SIGN_STYLE = Automatic;
				CURRENT_PROJECT_VERSION = 1;
				DEVELOPMENT_TEAM = RCJBKN2QXT;
				GENERATE_INFOPLIST_FILE = YES;
				IPHONEOS_DEPLOYMENT_TARGET = 17.2;
				MARKETING_VERSION = 1.0;
				PRODUCT_BUNDLE_IDENTIFIER = com.markobozilovic.EagleAssignmentTests;
				PRODUCT_NAME = "$(TARGET_NAME)";
				SWIFT_EMIT_LOC_STRINGS = NO;
				SWIFT_OPTIMIZATION_LEVEL = "-Onone";
				SWIFT_VERSION = 5.0;
				TARGETED_DEVICE_FAMILY = "1,2";
				TEST_HOST = "$(BUILT_PRODUCTS_DIR)/EagleAssignment.app/$(BUNDLE_EXECUTABLE_FOLDER_PATH)/EagleAssignment";
			};
			name = Debug;
		};
		4AB56E842C00BE500012F5B5 /* Release */ = {
			isa = XCBuildConfiguration;
			baseConfigurationReference = 3C83DB5CB4A030F9B3260976 /* Pods-EagleAssignmentTests.release.xcconfig */;
			buildSettings = {
				BUNDLE_LOADER = "$(TEST_HOST)";
				CLANG_ENABLE_MODULES = YES;
				CODE_SIGN_STYLE = Automatic;
				CURRENT_PROJECT_VERSION = 1;
				DEVELOPMENT_TEAM = RCJBKN2QXT;
				GENERATE_INFOPLIST_FILE = YES;
				IPHONEOS_DEPLOYMENT_TARGET = 17.2;
				MARKETING_VERSION = 1.0;
				PRODUCT_BUNDLE_IDENTIFIER = com.markobozilovic.EagleAssignmentTests;
				PRODUCT_NAME = "$(TARGET_NAME)";
				SWIFT_EMIT_LOC_STRINGS = NO;
				SWIFT_VERSION = 5.0;
				TARGETED_DEVICE_FAMILY = "1,2";
				TEST_HOST = "$(BUILT_PRODUCTS_DIR)/EagleAssignment.app/$(BUNDLE_EXECUTABLE_FOLDER_PATH)/EagleAssignment";
			};
			name = Release;
		};
/* End XCBuildConfiguration section */

/* Begin XCConfigurationList section */
		4AA5A1522C00B67B003F6852 /* Build configuration list for PBXProject "EagleAssignment" */ = {
			isa = XCConfigurationList;
			buildConfigurations = (
				4AA5A1692C00B67C003F6852 /* Debug */,
				4AA5A16A2C00B67C003F6852 /* Release */,
			);
			defaultConfigurationIsVisible = 0;
			defaultConfigurationName = Release;
		};
		4AA5A16B2C00B67C003F6852 /* Build configuration list for PBXNativeTarget "EagleAssignment" */ = {
			isa = XCConfigurationList;
			buildConfigurations = (
				4AA5A16C2C00B67C003F6852 /* Debug */,
				4AA5A16D2C00B67C003F6852 /* Release */,
			);
			defaultConfigurationIsVisible = 0;
			defaultConfigurationName = Release;
		};
		4AB56E852C00BE500012F5B5 /* Build configuration list for PBXNativeTarget "EagleAssignmentTests" */ = {
			isa = XCConfigurationList;
			buildConfigurations = (
				4AB56E832C00BE500012F5B5 /* Debug */,
				4AB56E842C00BE500012F5B5 /* Release */,
			);
			defaultConfigurationIsVisible = 0;
			defaultConfigurationName = Release;
		};
/* End XCConfigurationList section */
	};
	rootObject = 4AA5A14F2C00B67B003F6852 /* Project object */;
}
