// !$*UTF8*$!
{
	archiveVersion = 1;
	classes = {
	};
	objectVersion = 56;
	objects = {

/* Begin PBXBuildFile section */
		4AA5A15B2C00B67B003F6852 /* AppDelegate.swift in Sources */ = {isa = PBXBuildFile; fileRef = 4AA5A15A2C00B67B003F6852 /* AppDelegate.swift */; };
		4AA5A1642C00B67C003F6852 /* Assets.xcassets in Resources */ = {isa = PBXBuildFile; fileRef = 4AA5A1632C00B67C003F6852 /* Assets.xcassets */; };
		4AA5A1672C00B67C003F6852 /* LaunchScreen.storyboard in Resources */ = {isa = PBXBuildFile; fileRef = 4AA5A1652C00B67C003F6852 /* LaunchScreen.storyboard */; };
		4AB56E622C00B9140012F5B5 /* Coordinator.swift in Sources */ = {isa = PBXBuildFile; fileRef = 4AB56E612C00B9140012F5B5 /* Coordinator.swift */; };
		4AB56E652C00B9370012F5B5 /* AppCoordinator.swift in Sources */ = {isa = PBXBuildFile; fileRef = 4AB56E642C00B9370012F5B5 /* AppCoordinator.swift */; };
		4AB56E682C00B98E0012F5B5 /* User.swift in Sources */ = {isa = PBXBuildFile; fileRef = 4AB56E672C00B98E0012F5B5 /* User.swift */; };
		4AB56E6E2C00BA260012F5B5 /* SplashViewController.swift in Sources */ = {isa = PBXBuildFile; fileRef = 4AB56E6C2C00BA260012F5B5 /* SplashViewController.swift */; };
		4AB56E6F2C00BA260012F5B5 /* SplashViewController.xib in Resources */ = {isa = PBXBuildFile; fileRef = 4AB56E6D2C00BA260012F5B5 /* SplashViewController.xib */; };
		4AB56E722C00BA300012F5B5 /* LoginViewController.swift in Sources */ = {isa = PBXBuildFile; fileRef = 4AB56E702C00BA300012F5B5 /* LoginViewController.swift */; };
		4AB56E732C00BA300012F5B5 /* LoginViewController.xib in Resources */ = {isa = PBXBuildFile; fileRef = 4AB56E712C00BA300012F5B5 /* LoginViewController.xib */; };
		4AB56E762C00BA7F0012F5B5 /* ViewController+Instance.swift in Sources */ = {isa = PBXBuildFile; fileRef = 4AB56E752C00BA7F0012F5B5 /* ViewController+Instance.swift */; };
		4AB56E782C00BC880012F5B5 /* Placeholder.swift in Sources */ = {isa = PBXBuildFile; fileRef = 4AB56E772C00BC880012F5B5 /* Placeholder.swift */; };
/* End PBXBuildFile section */

/* Begin PBXFileReference section */
		4AA5A1572C00B67B003F6852 /* EagleAssignment.app */ = {isa = PBXFileReference; explicitFileType = wrapper.application; includeInIndex = 0; path = EagleAssignment.app; sourceTree = BUILT_PRODUCTS_DIR; };
		4AA5A15A2C00B67B003F6852 /* AppDelegate.swift */ = {isa = PBXFileReference; lastKnownFileType = sourcecode.swift; path = AppDelegate.swift; sourceTree = "<group>"; };
		4AA5A1632C00B67C003F6852 /* Assets.xcassets */ = {isa = PBXFileReference; lastKnownFileType = folder.assetcatalog; path = Assets.xcassets; sourceTree = "<group>"; };
		4AA5A1662C00B67C003F6852 /* Base */ = {isa = PBXFileReference; lastKnownFileType = file.storyboard; name = Base; path = Base.lproj/LaunchScreen.storyboard; sourceTree = "<group>"; };
		4AA5A1682C00B67C003F6852 /* Info.plist */ = {isa = PBXFileReference; lastKnownFileType = text.plist.xml; path = Info.plist; sourceTree = "<group>"; };
		4AB56E612C00B9140012F5B5 /* Coordinator.swift */ = {isa = PBXFileReference; lastKnownFileType = sourcecode.swift; path = Coordinator.swift; sourceTree = "<group>"; };
		4AB56E642C00B9370012F5B5 /* AppCoordinator.swift */ = {isa = PBXFileReference; lastKnownFileType = sourcecode.swift; path = AppCoordinator.swift; sourceTree = "<group>"; };
		4AB56E672C00B98E0012F5B5 /* User.swift */ = {isa = PBXFileReference; lastKnownFileType = sourcecode.swift; path = User.swift; sourceTree = "<group>"; };
		4AB56E6C2C00BA260012F5B5 /* SplashViewController.swift */ = {isa = PBXFileReference; lastKnownFileType = sourcecode.swift; path = SplashViewController.swift; sourceTree = "<group>"; };
		4AB56E6D2C00BA260012F5B5 /* SplashViewController.xib */ = {isa = PBXFileReference; lastKnownFileType = file.xib; path = SplashViewController.xib; sourceTree = "<group>"; };
		4AB56E702C00BA300012F5B5 /* LoginViewController.swift */ = {isa = PBXFileReference; lastKnownFileType = sourcecode.swift; path = LoginViewController.swift; sourceTree = "<group>"; };
		4AB56E712C00BA300012F5B5 /* LoginViewController.xib */ = {isa = PBXFileReference; lastKnownFileType = file.xib; path = LoginViewController.xib; sourceTree = "<group>"; };
		4AB56E752C00BA7F0012F5B5 /* ViewController+Instance.swift */ = {isa = PBXFileReference; lastKnownFileType = sourcecode.swift; path = "ViewController+Instance.swift"; sourceTree = "<group>"; };
		4AB56E772C00BC880012F5B5 /* Placeholder.swift */ = {isa = PBXFileReference; lastKnownFileType = sourcecode.swift; path = Placeholder.swift; sourceTree = "<group>"; };
/* End PBXFileReference section */

/* Begin PBXFrameworksBuildPhase section */
		4AA5A1542C00B67B003F6852 /* Frameworks */ = {
			isa = PBXFrameworksBuildPhase;
			buildActionMask = 2147483647;
			files = (
			);
			runOnlyForDeploymentPostprocessing = 0;
		};
/* End PBXFrameworksBuildPhase section */

/* Begin PBXGroup section */
		4AA5A14E2C00B67B003F6852 = {
			isa = PBXGroup;
			children = (
				4AA5A1592C00B67B003F6852 /* EagleAssignment */,
				4AA5A1582C00B67B003F6852 /* Products */,
			);
			sourceTree = "<group>";
		};
		4AA5A1582C00B67B003F6852 /* Products */ = {
			isa = PBXGroup;
			children = (
				4AA5A1572C00B67B003F6852 /* EagleAssignment.app */,
			);
			name = Products;
			sourceTree = "<group>";
		};
		4AA5A1592C00B67B003F6852 /* EagleAssignment */ = {
			isa = PBXGroup;
			children = (
				4AB56E632C00B9250012F5B5 /* Flows */,
				4AB56E602C00B9050012F5B5 /* Utils */,
				4AB56E662C00B9790012F5B5 /* Networking */,
				4AA5A16E2C00B69F003F6852 /* Resources */,
				4AA5A15A2C00B67B003F6852 /* AppDelegate.swift */,
				4AA5A1682C00B67C003F6852 /* Info.plist */,
			);
			path = EagleAssignment;
			sourceTree = "<group>";
		};
		4AA5A16E2C00B69F003F6852 /* Resources */ = {
			isa = PBXGroup;
			children = (
				4AA5A1632C00B67C003F6852 /* Assets.xcassets */,
				4AA5A1652C00B67C003F6852 /* LaunchScreen.storyboard */,
			);
			path = Resources;
			sourceTree = "<group>";
		};
		4AB56E602C00B9050012F5B5 /* Utils */ = {
			isa = PBXGroup;
			children = (
				4AB56E742C00BA6A0012F5B5 /* ViewController */,
				4AB56E612C00B9140012F5B5 /* Coordinator.swift */,
			);
			path = Utils;
			sourceTree = "<group>";
		};
		4AB56E632C00B9250012F5B5 /* Flows */ = {
			isa = PBXGroup;
			children = (
				4AB56E642C00B9370012F5B5 /* AppCoordinator.swift */,
				4AB56E692C00B9E50012F5B5 /* Splash */,
				4AB56E6A2C00B9F00012F5B5 /* Login */,
				4AB56E6B2C00B9F90012F5B5 /* Dashboard */,
			);
			path = Flows;
			sourceTree = "<group>";
		};
		4AB56E662C00B9790012F5B5 /* Networking */ = {
			isa = PBXGroup;
			children = (
				4AB56E672C00B98E0012F5B5 /* User.swift */,
			);
			path = Networking;
			sourceTree = "<group>";
		};
		4AB56E692C00B9E50012F5B5 /* Splash */ = {
			isa = PBXGroup;
			children = (
				4AB56E6C2C00BA260012F5B5 /* SplashViewController.swift */,
				4AB56E6D2C00BA260012F5B5 /* SplashViewController.xib */,
			);
			path = Splash;
			sourceTree = "<group>";
		};
		4AB56E6A2C00B9F00012F5B5 /* Login */ = {
			isa = PBXGroup;
			children = (
				4AB56E702C00BA300012F5B5 /* LoginViewController.swift */,
				4AB56E712C00BA300012F5B5 /* LoginViewController.xib */,
			);
			path = Login;
			sourceTree = "<group>";
		};
		4AB56E6B2C00B9F90012F5B5 /* Dashboard */ = {
			isa = PBXGroup;
			children = (
				4AB56E772C00BC880012F5B5 /* Placeholder.swift */,
			);
			path = Dashboard;
			sourceTree = "<group>";
		};
		4AB56E742C00BA6A0012F5B5 /* ViewController */ = {
			isa = PBXGroup;
			children = (
				4AB56E752C00BA7F0012F5B5 /* ViewController+Instance.swift */,
			);
			path = ViewController;
			sourceTree = "<group>";
		};
/* End PBXGroup section */

/* Begin PBXNativeTarget section */
		4AA5A1562C00B67B003F6852 /* EagleAssignment */ = {
			isa = PBXNativeTarget;
			buildConfigurationList = 4AA5A16B2C00B67C003F6852 /* Build configuration list for PBXNativeTarget "EagleAssignment" */;
			buildPhases = (
				4AA5A1532C00B67B003F6852 /* Sources */,
				4AA5A1542C00B67B003F6852 /* Frameworks */,
				4AA5A1552C00B67B003F6852 /* Resources */,
			);
			buildRules = (
			);
			dependencies = (
			);
			name = EagleAssignment;
			productName = EagleAssignment;
			productReference = 4AA5A1572C00B67B003F6852 /* EagleAssignment.app */;
			productType = "com.apple.product-type.application";
		};
/* End PBXNativeTarget section */

/* Begin PBXProject section */
		4AA5A14F2C00B67B003F6852 /* Project object */ = {
			isa = PBXProject;
			attributes = {
				BuildIndependentTargetsInParallel = 1;
				LastSwiftUpdateCheck = 1520;
				LastUpgradeCheck = 1520;
				TargetAttributes = {
					4AA5A1562C00B67B003F6852 = {
						CreatedOnToolsVersion = 15.2;
					};
				};
			};
			buildConfigurationList = 4AA5A1522C00B67B003F6852 /* Build configuration list for PBXProject "EagleAssignment" */;
			compatibilityVersion = "Xcode 14.0";
			developmentRegion = en;
			hasScannedForEncodings = 0;
			knownRegions = (
				en,
				Base,
			);
			mainGroup = 4AA5A14E2C00B67B003F6852;
			productRefGroup = 4AA5A1582C00B67B003F6852 /* Products */;
			projectDirPath = "";
			projectRoot = "";
			targets = (
				4AA5A1562C00B67B003F6852 /* EagleAssignment */,
			);
		};
/* End PBXProject section */

/* Begin PBXResourcesBuildPhase section */
		4AA5A1552C00B67B003F6852 /* Resources */ = {
			isa = PBXResourcesBuildPhase;
			buildActionMask = 2147483647;
			files = (
				4AB56E732C00BA300012F5B5 /* LoginViewController.xib in Resources */,
				4AA5A1672C00B67C003F6852 /* LaunchScreen.storyboard in Resources */,
				4AB56E6F2C00BA260012F5B5 /* SplashViewController.xib in Resources */,
				4AA5A1642C00B67C003F6852 /* Assets.xcassets in Resources */,
			);
			runOnlyForDeploymentPostprocessing = 0;
		};
/* End PBXResourcesBuildPhase section */

/* Begin PBXSourcesBuildPhase section */
		4AA5A1532C00B67B003F6852 /* Sources */ = {
			isa = PBXSourcesBuildPhase;
			buildActionMask = 2147483647;
			files = (
				4AB56E722C00BA300012F5B5 /* LoginViewController.swift in Sources */,
				4AB56E682C00B98E0012F5B5 /* User.swift in Sources */,
				4AB56E652C00B9370012F5B5 /* AppCoordinator.swift in Sources */,
				4AB56E622C00B9140012F5B5 /* Coordinator.swift in Sources */,
				4AB56E762C00BA7F0012F5B5 /* ViewController+Instance.swift in Sources */,
				4AA5A15B2C00B67B003F6852 /* AppDelegate.swift in Sources */,
				4AB56E6E2C00BA260012F5B5 /* SplashViewController.swift in Sources */,
				4AB56E782C00BC880012F5B5 /* Placeholder.swift in Sources */,
			);
			runOnlyForDeploymentPostprocessing = 0;
		};
/* End PBXSourcesBuildPhase section */

/* Begin PBXVariantGroup section */
		4AA5A1652C00B67C003F6852 /* LaunchScreen.storyboard */ = {
			isa = PBXVariantGroup;
			children = (
				4AA5A1662C00B67C003F6852 /* Base */,
			);
			name = LaunchScreen.storyboard;
			sourceTree = "<group>";
		};
/* End PBXVariantGroup section */

/* Begin XCBuildConfiguration section */
		4AA5A1692C00B67C003F6852 /* Debug */ = {
			isa = XCBuildConfiguration;
			buildSettings = {
				ALWAYS_SEARCH_USER_PATHS = NO;
				ASSETCATALOG_COMPILER_GENERATE_SWIFT_ASSET_SYMBOL_EXTENSIONS = YES;
				CLANG_ANALYZER_NONNULL = YES;
				CLANG_ANALYZER_NUMBER_OBJECT_CONVERSION = YES_AGGRESSIVE;
				CLANG_CXX_LANGUAGE_STANDARD = "gnu++20";
				CLANG_ENABLE_MODULES = YES;
				CLANG_ENABLE_OBJC_ARC = YES;
				CLANG_ENABLE_OBJC_WEAK = YES;
				CLANG_WARN_BLOCK_CAPTURE_AUTORELEASING = YES;
				CLANG_WARN_BOOL_CONVERSION = YES;
				CLANG_WARN_COMMA = YES;
				CLANG_WARN_CONSTANT_CONVERSION = YES;
				CLANG_WARN_DEPRECATED_OBJC_IMPLEMENTATIONS = YES;
				CLANG_WARN_DIRECT_OBJC_ISA_USAGE = YES_ERROR;
				CLANG_WARN_DOCUMENTATION_COMMENTS = YES;
				CLANG_WARN_EMPTY_BODY = YES;
				CLANG_WARN_ENUM_CONVERSION = YES;
				CLANG_WARN_INFINITE_RECURSION = YES;
				CLANG_WARN_INT_CONVERSION = YES;
				CLANG_WARN_NON_LITERAL_NULL_CONVERSION = YES;
				CLANG_WARN_OBJC_IMPLICIT_RETAIN_SELF = YES;
				CLANG_WARN_OBJC_LITERAL_CONVERSION = YES;
				CLANG_WARN_OBJC_ROOT_CLASS = YES_ERROR;
				CLANG_WARN_QUOTED_INCLUDE_IN_FRAMEWORK_HEADER = YES;
				CLANG_WARN_RANGE_LOOP_ANALYSIS = YES;
				CLANG_WARN_STRICT_PROTOTYPES = YES;
				CLANG_WARN_SUSPICIOUS_MOVE = YES;
				CLANG_WARN_UNGUARDED_AVAILABILITY = YES_AGGRESSIVE;
				CLANG_WARN_UNREACHABLE_CODE = YES;
				CLANG_WARN__DUPLICATE_METHOD_MATCH = YES;
				COPY_PHASE_STRIP = NO;
				DEBUG_INFORMATION_FORMAT = dwarf;
				ENABLE_STRICT_OBJC_MSGSEND = YES;
				ENABLE_TESTABILITY = YES;
				ENABLE_USER_SCRIPT_SANDBOXING = YES;
				GCC_C_LANGUAGE_STANDARD = gnu17;
				GCC_DYNAMIC_NO_PIC = NO;
				GCC_NO_COMMON_BLOCKS = YES;
				GCC_OPTIMIZATION_LEVEL = 0;
				GCC_PREPROCESSOR_DEFINITIONS = (
					"DEBUG=1",
					"$(inherited)",
				);
				GCC_WARN_64_TO_32_BIT_CONVERSION = YES;
				GCC_WARN_ABOUT_RETURN_TYPE = YES_ERROR;
				GCC_WARN_UNDECLARED_SELECTOR = YES;
				GCC_WARN_UNINITIALIZED_AUTOS = YES_AGGRESSIVE;
				GCC_WARN_UNUSED_FUNCTION = YES;
				GCC_WARN_UNUSED_VARIABLE = YES;
				IPHONEOS_DEPLOYMENT_TARGET = 14.0;
				LOCALIZATION_PREFERS_STRING_CATALOGS = YES;
				MTL_ENABLE_DEBUG_INFO = INCLUDE_SOURCE;
				MTL_FAST_MATH = YES;
				ONLY_ACTIVE_ARCH = YES;
				SDKROOT = iphoneos;
				SWIFT_ACTIVE_COMPILATION_CONDITIONS = "DEBUG $(inherited)";
				SWIFT_OPTIMIZATION_LEVEL = "-Onone";
			};
			name = Debug;
		};
		4AA5A16A2C00B67C003F6852 /* Release */ = {
			isa = XCBuildConfiguration;
			buildSettings = {
				ALWAYS_SEARCH_USER_PATHS = NO;
				ASSETCATALOG_COMPILER_GENERATE_SWIFT_ASSET_SYMBOL_EXTENSIONS = YES;
				CLANG_ANALYZER_NONNULL = YES;
				CLANG_ANALYZER_NUMBER_OBJECT_CONVERSION = YES_AGGRESSIVE;
				CLANG_CXX_LANGUAGE_STANDARD = "gnu++20";
				CLANG_ENABLE_MODULES = YES;
				CLANG_ENABLE_OBJC_ARC = YES;
				CLANG_ENABLE_OBJC_WEAK = YES;
				CLANG_WARN_BLOCK_CAPTURE_AUTORELEASING = YES;
				CLANG_WARN_BOOL_CONVERSION = YES;
				CLANG_WARN_COMMA = YES;
				CLANG_WARN_CONSTANT_CONVERSION = YES;
				CLANG_WARN_DEPRECATED_OBJC_IMPLEMENTATIONS = YES;
				CLANG_WARN_DIRECT_OBJC_ISA_USAGE = YES_ERROR;
				CLANG_WARN_DOCUMENTATION_COMMENTS = YES;
				CLANG_WARN_EMPTY_BODY = YES;
				CLANG_WARN_ENUM_CONVERSION = YES;
				CLANG_WARN_INFINITE_RECURSION = YES;
				CLANG_WARN_INT_CONVERSION = YES;
				CLANG_WARN_NON_LITERAL_NULL_CONVERSION = YES;
				CLANG_WARN_OBJC_IMPLICIT_RETAIN_SELF = YES;
				CLANG_WARN_OBJC_LITERAL_CONVERSION = YES;
				CLANG_WARN_OBJC_ROOT_CLASS = YES_ERROR;
				CLANG_WARN_QUOTED_INCLUDE_IN_FRAMEWORK_HEADER = YES;
				CLANG_WARN_RANGE_LOOP_ANALYSIS = YES;
				CLANG_WARN_STRICT_PROTOTYPES = YES;
				CLANG_WARN_SUSPICIOUS_MOVE = YES;
				CLANG_WARN_UNGUARDED_AVAILABILITY = YES_AGGRESSIVE;
				CLANG_WARN_UNREACHABLE_CODE = YES;
				CLANG_WARN__DUPLICATE_METHOD_MATCH = YES;
				COPY_PHASE_STRIP = NO;
				DEBUG_INFORMATION_FORMAT = "dwarf-with-dsym";
				ENABLE_NS_ASSERTIONS = NO;
				ENABLE_STRICT_OBJC_MSGSEND = YES;
				ENABLE_USER_SCRIPT_SANDBOXING = YES;
				GCC_C_LANGUAGE_STANDARD = gnu17;
				GCC_NO_COMMON_BLOCKS = YES;
				GCC_WARN_64_TO_32_BIT_CONVERSION = YES;
				GCC_WARN_ABOUT_RETURN_TYPE = YES_ERROR;
				GCC_WARN_UNDECLARED_SELECTOR = YES;
				GCC_WARN_UNINITIALIZED_AUTOS = YES_AGGRESSIVE;
				GCC_WARN_UNUSED_FUNCTION = YES;
				GCC_WARN_UNUSED_VARIABLE = YES;
				IPHONEOS_DEPLOYMENT_TARGET = 14.0;
				LOCALIZATION_PREFERS_STRING_CATALOGS = YES;
				MTL_ENABLE_DEBUG_INFO = NO;
				MTL_FAST_MATH = YES;
				SDKROOT = iphoneos;
				SWIFT_COMPILATION_MODE = wholemodule;
				VALIDATE_PRODUCT = YES;
			};
			name = Release;
		};
		4AA5A16C2C00B67C003F6852 /* Debug */ = {
			isa = XCBuildConfiguration;
			buildSettings = {
				ASSETCATALOG_COMPILER_APPICON_NAME = AppIcon;
				ASSETCATALOG_COMPILER_GLOBAL_ACCENT_COLOR_NAME = AccentColor;
				CODE_SIGN_STYLE = Automatic;
				CURRENT_PROJECT_VERSION = 1;
				DEVELOPMENT_TEAM = RCJBKN2QXT;
				GENERATE_INFOPLIST_FILE = YES;
				INFOPLIST_FILE = EagleAssignment/Info.plist;
				INFOPLIST_KEY_UIApplicationSupportsIndirectInputEvents = YES;
				INFOPLIST_KEY_UILaunchStoryboardName = LaunchScreen;
				INFOPLIST_KEY_UIMainStoryboardFile = "";
				INFOPLIST_KEY_UISupportedInterfaceOrientations = UIInterfaceOrientationPortrait;
				INFOPLIST_KEY_UISupportedInterfaceOrientations_iPad = "UIInterfaceOrientationLandscapeLeft UIInterfaceOrientationLandscapeRight UIInterfaceOrientationPortrait UIInterfaceOrientationPortraitUpsideDown";
				LD_RUNPATH_SEARCH_PATHS = (
					"$(inherited)",
					"@executable_path/Frameworks",
				);
				MARKETING_VERSION = 1.0;
				PRODUCT_BUNDLE_IDENTIFIER = com.markobozilovic.EagleAssignment;
				PRODUCT_NAME = "$(TARGET_NAME)";
				SUPPORTED_PLATFORMS = "iphoneos iphonesimulator";
				SUPPORTS_MACCATALYST = NO;
				SUPPORTS_MAC_DESIGNED_FOR_IPHONE_IPAD = NO;
				SUPPORTS_XR_DESIGNED_FOR_IPHONE_IPAD = NO;
				SWIFT_EMIT_LOC_STRINGS = YES;
				SWIFT_VERSION = 5.0;
				TARGETED_DEVICE_FAMILY = 1;
			};
			name = Debug;
		};
		4AA5A16D2C00B67C003F6852 /* Release */ = {
			isa = XCBuildConfiguration;
			buildSettings = {
				ASSETCATALOG_COMPILER_APPICON_NAME = AppIcon;
				ASSETCATALOG_COMPILER_GLOBAL_ACCENT_COLOR_NAME = AccentColor;
				CODE_SIGN_STYLE = Automatic;
				CURRENT_PROJECT_VERSION = 1;
				DEVELOPMENT_TEAM = RCJBKN2QXT;
				GENERATE_INFOPLIST_FILE = YES;
				INFOPLIST_FILE = EagleAssignment/Info.plist;
				INFOPLIST_KEY_UIApplicationSupportsIndirectInputEvents = YES;
				INFOPLIST_KEY_UILaunchStoryboardName = LaunchScreen;
				INFOPLIST_KEY_UIMainStoryboardFile = "";
				INFOPLIST_KEY_UISupportedInterfaceOrientations = UIInterfaceOrientationPortrait;
				INFOPLIST_KEY_UISupportedInterfaceOrientations_iPad = "UIInterfaceOrientationLandscapeLeft UIInterfaceOrientationLandscapeRight UIInterfaceOrientationPortrait UIInterfaceOrientationPortraitUpsideDown";
				LD_RUNPATH_SEARCH_PATHS = (
					"$(inherited)",
					"@executable_path/Frameworks",
				);
				MARKETING_VERSION = 1.0;
				PRODUCT_BUNDLE_IDENTIFIER = com.markobozilovic.EagleAssignment;
				PRODUCT_NAME = "$(TARGET_NAME)";
				SUPPORTED_PLATFORMS = "iphoneos iphonesimulator";
				SUPPORTS_MACCATALYST = NO;
				SUPPORTS_MAC_DESIGNED_FOR_IPHONE_IPAD = NO;
				SUPPORTS_XR_DESIGNED_FOR_IPHONE_IPAD = NO;
				SWIFT_EMIT_LOC_STRINGS = YES;
				SWIFT_VERSION = 5.0;
				TARGETED_DEVICE_FAMILY = 1;
			};
			name = Release;
		};
/* End XCBuildConfiguration section */

/* Begin XCConfigurationList section */
		4AA5A1522C00B67B003F6852 /* Build configuration list for PBXProject "EagleAssignment" */ = {
			isa = XCConfigurationList;
			buildConfigurations = (
				4AA5A1692C00B67C003F6852 /* Debug */,
				4AA5A16A2C00B67C003F6852 /* Release */,
			);
			defaultConfigurationIsVisible = 0;
			defaultConfigurationName = Release;
		};
		4AA5A16B2C00B67C003F6852 /* Build configuration list for PBXNativeTarget "EagleAssignment" */ = {
			isa = XCConfigurationList;
			buildConfigurations = (
				4AA5A16C2C00B67C003F6852 /* Debug */,
				4AA5A16D2C00B67C003F6852 /* Release */,
			);
			defaultConfigurationIsVisible = 0;
			defaultConfigurationName = Release;
		};
/* End XCConfigurationList section */
	};
	rootObject = 4AA5A14F2C00B67B003F6852 /* Project object */;
}
